PODS:
  - DuctTape (0.2.0)
  - SnapKit (5.0.1)

DEPENDENCIES:
  - DuctTape
  - SnapKit (~> 5.0.0)

SPEC REPOS:
  trunk:
    - DuctTape
    - SnapKit

SPEC CHECKSUMS:
  DuctTape: 6bd715ccb50e505540191687277b8df4bdb48dce
  SnapKit: 97b92857e3df3a0c71833cce143274bf6ef8e5eb

PODFILE CHECKSUM: b363b6a9b7376ec7ee0ea4804a761c824b2a2dd6

COCOAPODS: 1.9.3
