PODS:
  - DuctTape (0.2.0)
  - SnapKit (5.0.1)
  - Then (2.7.0)

DEPENDENCIES:
  - DuctTape
  - SnapKit (~> 5.0.0)
  - Then

SPEC REPOS:
  trunk:
    - DuctTape
    - SnapKit
    - Then

SPEC CHECKSUMS:
  DuctTape: 6bd715ccb50e505540191687277b8df4bdb48dce
  SnapKit: 97b92857e3df3a0c71833cce143274bf6ef8e5eb
  Then: acfe0be7e98221c6204e12f8161459606d5d822d

PODFILE CHECKSUM: 50451307e4b5caa44f09c5fec89ef4ad49535677

COCOAPODS: 1.9.3
