// !$*UTF8*$!
{
	archiveVersion = 1;
	classes = {
	};
	objectVersion = 51;
	objects = {

/* Begin PBXBuildFile section */
		44AB5187E82C8FA06A8DC071 /* Pods_CGV.framework in Frameworks */ = {isa = PBXBuildFile; fileRef = DB1AE21C3C4868FAF75B2ECF /* Pods_CGV.framework */; };
		ED3EFA38264B96E70041DFF1 /* UIViewController+ChangeButtonColor.swift in Sources */ = {isa = PBXBuildFile; fileRef = ED3EFA37264B96E70041DFF1 /* UIViewController+ChangeButtonColor.swift */; };
		ED3EFA3A264BA1C30041DFF1 /* UIButton+SetHeaderButton.swift in Sources */ = {isa = PBXBuildFile; fileRef = ED3EFA39264BA1C30041DFF1 /* UIButton+SetHeaderButton.swift */; };
		ED3EFA3D264BB0410041DFF1 /* MovieTVC.swift in Sources */ = {isa = PBXBuildFile; fileRef = ED3EFA3B264BB0410041DFF1 /* MovieTVC.swift */; };
		ED3EFA3E264BB0410041DFF1 /* MovieTVC.xib in Resources */ = {isa = PBXBuildFile; fileRef = ED3EFA3C264BB0410041DFF1 /* MovieTVC.xib */; };
		ED3EFA41264BBB5C0041DFF1 /* Extension+Encodable.swift in Sources */ = {isa = PBXBuildFile; fileRef = ED3EFA40264BBB5C0041DFF1 /* Extension+Encodable.swift */; };
		ED3EFA43264BBBB40041DFF1 /* GeneralAPI.swift in Sources */ = {isa = PBXBuildFile; fileRef = ED3EFA42264BBBB40041DFF1 /* GeneralAPI.swift */; };
		ED3EFA45264BBBF30041DFF1 /* NetworkLoggerPlugin.swift in Sources */ = {isa = PBXBuildFile; fileRef = ED3EFA44264BBBF30041DFF1 /* NetworkLoggerPlugin.swift */; };
		ED3EFA47264BBC420041DFF1 /* MovieServices.swift in Sources */ = {isa = PBXBuildFile; fileRef = ED3EFA46264BBC420041DFF1 /* MovieServices.swift */; };
		ED3EFA4B264BC01B0041DFF1 /* MovieRequest.swift in Sources */ = {isa = PBXBuildFile; fileRef = ED3EFA4A264BC01B0041DFF1 /* MovieRequest.swift */; };
		ED3EFA4D264BC1520041DFF1 /* MovieModel.swift in Sources */ = {isa = PBXBuildFile; fileRef = ED3EFA4C264BC1520041DFF1 /* MovieModel.swift */; };
		EDC67EEE2656769E00580E15 /* LeftAlignedCollectionViewFlowLayout.swift in Sources */ = {isa = PBXBuildFile; fileRef = EDC67EED2656769E00580E15 /* LeftAlignedCollectionViewFlowLayout.swift */; };
		EDC9C4042650FEF300249628 /* OverlayVC.swift in Sources */ = {isa = PBXBuildFile; fileRef = EDC9C4022650FEF300249628 /* OverlayVC.swift */; };
		EDCB26C026536B0B00BF41D6 /* SelectTheaterTVC.swift in Sources */ = {isa = PBXBuildFile; fileRef = EDCB26BE26536B0B00BF41D6 /* SelectTheaterTVC.swift */; };
		EDCB26C126536B0B00BF41D6 /* SelectTheaterTVC.xib in Resources */ = {isa = PBXBuildFile; fileRef = EDCB26BF26536B0B00BF41D6 /* SelectTheaterTVC.xib */; };
		EDCB26C4265375D300BF41D6 /* TheaterCVC.swift in Sources */ = {isa = PBXBuildFile; fileRef = EDCB26C2265375D300BF41D6 /* TheaterCVC.swift */; };
		EDCB26C5265375D300BF41D6 /* TheaterCVC.xib in Resources */ = {isa = PBXBuildFile; fileRef = EDCB26C3265375D300BF41D6 /* TheaterCVC.xib */; };
		EDCB26C826537C7100BF41D6 /* TheaterDetailCVC.swift in Sources */ = {isa = PBXBuildFile; fileRef = EDCB26C626537C7100BF41D6 /* TheaterDetailCVC.swift */; };
		EDCB26C926537C7100BF41D6 /* TheaterDetailCVC.xib in Resources */ = {isa = PBXBuildFile; fileRef = EDCB26C726537C7100BF41D6 /* TheaterDetailCVC.xib */; };
		EDCB26CB26538AB900BF41D6 /* UIView+SetViewShadow.swift in Sources */ = {isa = PBXBuildFile; fileRef = EDCB26CA26538AB900BF41D6 /* UIView+SetViewShadow.swift */; };
		EDCB26CE26538BA900BF41D6 /* DateTheaterTVC.swift in Sources */ = {isa = PBXBuildFile; fileRef = EDCB26CC26538BA900BF41D6 /* DateTheaterTVC.swift */; };
		EDCB26CF26538BA900BF41D6 /* DateTheaterTVC.xib in Resources */ = {isa = PBXBuildFile; fileRef = EDCB26CD26538BA900BF41D6 /* DateTheaterTVC.xib */; };
		EDCB26D22653938B00BF41D6 /* DateCVC.swift in Sources */ = {isa = PBXBuildFile; fileRef = EDCB26D02653938B00BF41D6 /* DateCVC.swift */; };
		EDCB26D32653938B00BF41D6 /* DateCVC.xib in Resources */ = {isa = PBXBuildFile; fileRef = EDCB26D12653938B00BF41D6 /* DateCVC.xib */; };
		EDCB26D52653D09300BF41D6 /* UIViewController+MakeAlert.swift in Sources */ = {isa = PBXBuildFile; fileRef = EDCB26D42653D09300BF41D6 /* UIViewController+MakeAlert.swift */; };
		EDCB26D82653D1D900BF41D6 /* showupAlertDeleagate.swift in Sources */ = {isa = PBXBuildFile; fileRef = EDCB26D72653D1D900BF41D6 /* showupAlertDeleagate.swift */; };
		EDD2122D264A6BC70073CEDD /* AppDelegate.swift in Sources */ = {isa = PBXBuildFile; fileRef = EDD2122C264A6BC70073CEDD /* AppDelegate.swift */; };
		EDD2122F264A6BC70073CEDD /* SceneDelegate.swift in Sources */ = {isa = PBXBuildFile; fileRef = EDD2122E264A6BC70073CEDD /* SceneDelegate.swift */; };
		EDD21236264A6BC80073CEDD /* Assets.xcassets in Resources */ = {isa = PBXBuildFile; fileRef = EDD21235264A6BC80073CEDD /* Assets.xcassets */; };
		EDD21239264A6BC80073CEDD /* LaunchScreen.storyboard in Resources */ = {isa = PBXBuildFile; fileRef = EDD21237264A6BC80073CEDD /* LaunchScreen.storyboard */; };
		EDD2124C264A6D030073CEDD /* MovieChart.storyboard in Resources */ = {isa = PBXBuildFile; fileRef = EDD2124B264A6D030073CEDD /* MovieChart.storyboard */; };
		EDD2124E264A6D110073CEDD /* MovieChartVC.swift in Sources */ = {isa = PBXBuildFile; fileRef = EDD2124D264A6D110073CEDD /* MovieChartVC.swift */; };
		EDD21251264A73230073CEDD /* Home.storyboard in Resources */ = {isa = PBXBuildFile; fileRef = EDD21250264A73230073CEDD /* Home.storyboard */; };
		EDD21254264A733F0073CEDD /* HomeVC.swift in Sources */ = {isa = PBXBuildFile; fileRef = EDD21253264A733F0073CEDD /* HomeVC.swift */; };
/* End PBXBuildFile section */

/* Begin PBXFileReference section */
		28EEA82D885E47BB6EC9C512 /* Pods-CGV.release.xcconfig */ = {isa = PBXFileReference; includeInIndex = 1; lastKnownFileType = text.xcconfig; name = "Pods-CGV.release.xcconfig"; path = "Target Support Files/Pods-CGV/Pods-CGV.release.xcconfig"; sourceTree = "<group>"; };
		47B9A1C4599F41E7C9B188F9 /* Pods-CGV.debug.xcconfig */ = {isa = PBXFileReference; includeInIndex = 1; lastKnownFileType = text.xcconfig; name = "Pods-CGV.debug.xcconfig"; path = "Target Support Files/Pods-CGV/Pods-CGV.debug.xcconfig"; sourceTree = "<group>"; };
		DB1AE21C3C4868FAF75B2ECF /* Pods_CGV.framework */ = {isa = PBXFileReference; explicitFileType = wrapper.framework; includeInIndex = 0; path = Pods_CGV.framework; sourceTree = BUILT_PRODUCTS_DIR; };
		ED3EFA37264B96E70041DFF1 /* UIViewController+ChangeButtonColor.swift */ = {isa = PBXFileReference; lastKnownFileType = sourcecode.swift; path = "UIViewController+ChangeButtonColor.swift"; sourceTree = "<group>"; };
		ED3EFA39264BA1C30041DFF1 /* UIButton+SetHeaderButton.swift */ = {isa = PBXFileReference; lastKnownFileType = sourcecode.swift; path = "UIButton+SetHeaderButton.swift"; sourceTree = "<group>"; };
		ED3EFA3B264BB0410041DFF1 /* MovieTVC.swift */ = {isa = PBXFileReference; lastKnownFileType = sourcecode.swift; path = MovieTVC.swift; sourceTree = "<group>"; };
		ED3EFA3C264BB0410041DFF1 /* MovieTVC.xib */ = {isa = PBXFileReference; lastKnownFileType = file.xib; path = MovieTVC.xib; sourceTree = "<group>"; };
		ED3EFA40264BBB5C0041DFF1 /* Extension+Encodable.swift */ = {isa = PBXFileReference; lastKnownFileType = sourcecode.swift; path = "Extension+Encodable.swift"; sourceTree = "<group>"; };
		ED3EFA42264BBBB40041DFF1 /* GeneralAPI.swift */ = {isa = PBXFileReference; lastKnownFileType = sourcecode.swift; path = GeneralAPI.swift; sourceTree = "<group>"; };
		ED3EFA44264BBBF30041DFF1 /* NetworkLoggerPlugin.swift */ = {isa = PBXFileReference; lastKnownFileType = sourcecode.swift; path = NetworkLoggerPlugin.swift; sourceTree = "<group>"; };
		ED3EFA46264BBC420041DFF1 /* MovieServices.swift */ = {isa = PBXFileReference; lastKnownFileType = sourcecode.swift; path = MovieServices.swift; sourceTree = "<group>"; };
		ED3EFA4A264BC01B0041DFF1 /* MovieRequest.swift */ = {isa = PBXFileReference; lastKnownFileType = sourcecode.swift; path = MovieRequest.swift; sourceTree = "<group>"; };
		ED3EFA4C264BC1520041DFF1 /* MovieModel.swift */ = {isa = PBXFileReference; lastKnownFileType = sourcecode.swift; path = MovieModel.swift; sourceTree = "<group>"; };
		EDC67EED2656769E00580E15 /* LeftAlignedCollectionViewFlowLayout.swift */ = {isa = PBXFileReference; lastKnownFileType = sourcecode.swift; path = LeftAlignedCollectionViewFlowLayout.swift; sourceTree = "<group>"; };
		EDC9C4022650FEF300249628 /* OverlayVC.swift */ = {isa = PBXFileReference; lastKnownFileType = sourcecode.swift; path = OverlayVC.swift; sourceTree = "<group>"; };
		EDCB26BE26536B0B00BF41D6 /* SelectTheaterTVC.swift */ = {isa = PBXFileReference; lastKnownFileType = sourcecode.swift; path = SelectTheaterTVC.swift; sourceTree = "<group>"; };
		EDCB26BF26536B0B00BF41D6 /* SelectTheaterTVC.xib */ = {isa = PBXFileReference; lastKnownFileType = file.xib; path = SelectTheaterTVC.xib; sourceTree = "<group>"; };
		EDCB26C2265375D300BF41D6 /* TheaterCVC.swift */ = {isa = PBXFileReference; lastKnownFileType = sourcecode.swift; path = TheaterCVC.swift; sourceTree = "<group>"; };
		EDCB26C3265375D300BF41D6 /* TheaterCVC.xib */ = {isa = PBXFileReference; lastKnownFileType = file.xib; path = TheaterCVC.xib; sourceTree = "<group>"; };
		EDCB26C626537C7100BF41D6 /* TheaterDetailCVC.swift */ = {isa = PBXFileReference; lastKnownFileType = sourcecode.swift; path = TheaterDetailCVC.swift; sourceTree = "<group>"; };
		EDCB26C726537C7100BF41D6 /* TheaterDetailCVC.xib */ = {isa = PBXFileReference; lastKnownFileType = file.xib; path = TheaterDetailCVC.xib; sourceTree = "<group>"; };
		EDCB26CA26538AB900BF41D6 /* UIView+SetViewShadow.swift */ = {isa = PBXFileReference; lastKnownFileType = sourcecode.swift; path = "UIView+SetViewShadow.swift"; sourceTree = "<group>"; };
		EDCB26CC26538BA900BF41D6 /* DateTheaterTVC.swift */ = {isa = PBXFileReference; lastKnownFileType = sourcecode.swift; path = DateTheaterTVC.swift; sourceTree = "<group>"; };
		EDCB26CD26538BA900BF41D6 /* DateTheaterTVC.xib */ = {isa = PBXFileReference; lastKnownFileType = file.xib; path = DateTheaterTVC.xib; sourceTree = "<group>"; };
		EDCB26D02653938B00BF41D6 /* DateCVC.swift */ = {isa = PBXFileReference; lastKnownFileType = sourcecode.swift; path = DateCVC.swift; sourceTree = "<group>"; };
		EDCB26D12653938B00BF41D6 /* DateCVC.xib */ = {isa = PBXFileReference; lastKnownFileType = file.xib; path = DateCVC.xib; sourceTree = "<group>"; };
		EDCB26D42653D09300BF41D6 /* UIViewController+MakeAlert.swift */ = {isa = PBXFileReference; lastKnownFileType = sourcecode.swift; path = "UIViewController+MakeAlert.swift"; sourceTree = "<group>"; };
		EDCB26D72653D1D900BF41D6 /* showupAlertDeleagate.swift */ = {isa = PBXFileReference; lastKnownFileType = sourcecode.swift; path = showupAlertDeleagate.swift; sourceTree = "<group>"; };
		EDD21229264A6BC70073CEDD /* CGV.app */ = {isa = PBXFileReference; explicitFileType = wrapper.application; includeInIndex = 0; path = CGV.app; sourceTree = BUILT_PRODUCTS_DIR; };
		EDD2122C264A6BC70073CEDD /* AppDelegate.swift */ = {isa = PBXFileReference; lastKnownFileType = sourcecode.swift; path = AppDelegate.swift; sourceTree = "<group>"; };
		EDD2122E264A6BC70073CEDD /* SceneDelegate.swift */ = {isa = PBXFileReference; lastKnownFileType = sourcecode.swift; path = SceneDelegate.swift; sourceTree = "<group>"; };
		EDD21235264A6BC80073CEDD /* Assets.xcassets */ = {isa = PBXFileReference; lastKnownFileType = folder.assetcatalog; path = Assets.xcassets; sourceTree = "<group>"; };
		EDD21238264A6BC80073CEDD /* Base */ = {isa = PBXFileReference; lastKnownFileType = file.storyboard; name = Base; path = Base.lproj/LaunchScreen.storyboard; sourceTree = "<group>"; };
		EDD2123A264A6BC80073CEDD /* Info.plist */ = {isa = PBXFileReference; lastKnownFileType = text.plist.xml; path = Info.plist; sourceTree = "<group>"; };
		EDD2124B264A6D030073CEDD /* MovieChart.storyboard */ = {isa = PBXFileReference; lastKnownFileType = file.storyboard; path = MovieChart.storyboard; sourceTree = "<group>"; };
		EDD2124D264A6D110073CEDD /* MovieChartVC.swift */ = {isa = PBXFileReference; lastKnownFileType = sourcecode.swift; path = MovieChartVC.swift; sourceTree = "<group>"; };
		EDD21250264A73230073CEDD /* Home.storyboard */ = {isa = PBXFileReference; lastKnownFileType = file.storyboard; path = Home.storyboard; sourceTree = "<group>"; };
		EDD21253264A733F0073CEDD /* HomeVC.swift */ = {isa = PBXFileReference; lastKnownFileType = sourcecode.swift; path = HomeVC.swift; sourceTree = "<group>"; };
/* End PBXFileReference section */

/* Begin PBXFrameworksBuildPhase section */
		EDD21226264A6BC70073CEDD /* Frameworks */ = {
			isa = PBXFrameworksBuildPhase;
			buildActionMask = 2147483647;
			files = (
				44AB5187E82C8FA06A8DC071 /* Pods_CGV.framework in Frameworks */,
			);
			runOnlyForDeploymentPostprocessing = 0;
		};
/* End PBXFrameworksBuildPhase section */

/* Begin PBXGroup section */
		1098EDF0118C01BDE611704E /* Frameworks */ = {
			isa = PBXGroup;
			children = (
				DB1AE21C3C4868FAF75B2ECF /* Pods_CGV.framework */,
			);
			name = Frameworks;
			sourceTree = "<group>";
		};
		4768DED3FF7AD4777F5A7DF3 /* Pods */ = {
			isa = PBXGroup;
			children = (
				47B9A1C4599F41E7C9B188F9 /* Pods-CGV.debug.xcconfig */,
				28EEA82D885E47BB6EC9C512 /* Pods-CGV.release.xcconfig */,
			);
			path = Pods;
			sourceTree = "<group>";
		};
		ED3EFA48264BBFEF0041DFF1 /* RequestModels */ = {
			isa = PBXGroup;
			children = (
				ED3EFA4A264BC01B0041DFF1 /* MovieRequest.swift */,
			);
			path = RequestModels;
			sourceTree = "<group>";
		};
		ED3EFA49264BBFF50041DFF1 /* ResponseModels */ = {
			isa = PBXGroup;
			children = (
				ED3EFA4C264BC1520041DFF1 /* MovieModel.swift */,
			);
			path = ResponseModels;
			sourceTree = "<group>";
		};
		EDCB26D62653D1B800BF41D6 /* Protocols */ = {
			isa = PBXGroup;
			children = (
				EDCB26D72653D1D900BF41D6 /* showupAlertDeleagate.swift */,
			);
			path = Protocols;
			sourceTree = "<group>";
		};
		EDD21220264A6BC70073CEDD = {
			isa = PBXGroup;
			children = (
				EDD2122B264A6BC70073CEDD /* CGV */,
				EDD2122A264A6BC70073CEDD /* Products */,
				4768DED3FF7AD4777F5A7DF3 /* Pods */,
				1098EDF0118C01BDE611704E /* Frameworks */,
			);
			sourceTree = "<group>";
		};
		EDD2122A264A6BC70073CEDD /* Products */ = {
			isa = PBXGroup;
			children = (
				EDD21229264A6BC70073CEDD /* CGV.app */,
			);
			name = Products;
			sourceTree = "<group>";
		};
		EDD2122B264A6BC70073CEDD /* CGV */ = {
			isa = PBXGroup;
			children = (
				EDD21240264A6BCD0073CEDD /* Source */,
				EDD21241264A6BD10073CEDD /* Resource */,
			);
			path = CGV;
			sourceTree = "<group>";
		};
		EDD21240264A6BCD0073CEDD /* Source */ = {
			isa = PBXGroup;
			children = (
				EDCB26D62653D1B800BF41D6 /* Protocols */,
				EDD2124A264A6C510073CEDD /* Services */,
				EDD21249264A6C4E0073CEDD /* Models */,
				EDD21248264A6C3E0073CEDD /* Cells */,
				EDD21244264A6C070073CEDD /* VCs */,
				EDD21243264A6BF50073CEDD /* Extensions */,
				EDD21242264A6BEF0073CEDD /* Supports */,
			);
			path = Source;
			sourceTree = "<group>";
		};
		EDD21241264A6BD10073CEDD /* Resource */ = {
			isa = PBXGroup;
			children = (
				EDD21245264A6C0E0073CEDD /* Views */,
				EDD2123A264A6BC80073CEDD /* Info.plist */,
				EDD21235264A6BC80073CEDD /* Assets.xcassets */,
			);
			path = Resource;
			sourceTree = "<group>";
		};
		EDD21242264A6BEF0073CEDD /* Supports */ = {
			isa = PBXGroup;
			children = (
				EDD2122C264A6BC70073CEDD /* AppDelegate.swift */,
				EDD2122E264A6BC70073CEDD /* SceneDelegate.swift */,
			);
			path = Supports;
			sourceTree = "<group>";
		};
		EDD21243264A6BF50073CEDD /* Extensions */ = {
			isa = PBXGroup;
			children = (
				ED3EFA37264B96E70041DFF1 /* UIViewController+ChangeButtonColor.swift */,
				ED3EFA39264BA1C30041DFF1 /* UIButton+SetHeaderButton.swift */,
				ED3EFA40264BBB5C0041DFF1 /* Extension+Encodable.swift */,
				EDCB26CA26538AB900BF41D6 /* UIView+SetViewShadow.swift */,
				EDCB26D42653D09300BF41D6 /* UIViewController+MakeAlert.swift */,
				EDC67EED2656769E00580E15 /* LeftAlignedCollectionViewFlowLayout.swift */,
			);
			path = Extensions;
			sourceTree = "<group>";
		};
		EDD21244264A6C070073CEDD /* VCs */ = {
			isa = PBXGroup;
			children = (
				EDD2124D264A6D110073CEDD /* MovieChartVC.swift */,
				EDD21253264A733F0073CEDD /* HomeVC.swift */,
				EDC9C4022650FEF300249628 /* OverlayVC.swift */,
			);
			path = VCs;
			sourceTree = "<group>";
		};
		EDD21245264A6C0E0073CEDD /* Views */ = {
			isa = PBXGroup;
			children = (
				EDD21247264A6C230073CEDD /* Xibs */,
				EDD21246264A6C190073CEDD /* Storyboards */,
			);
			path = Views;
			sourceTree = "<group>";
		};
		EDD21246264A6C190073CEDD /* Storyboards */ = {
			isa = PBXGroup;
			children = (
				EDD2124B264A6D030073CEDD /* MovieChart.storyboard */,
				EDD21250264A73230073CEDD /* Home.storyboard */,
				EDD21237264A6BC80073CEDD /* LaunchScreen.storyboard */,
			);
			path = Storyboards;
			sourceTree = "<group>";
		};
		EDD21247264A6C230073CEDD /* Xibs */ = {
			isa = PBXGroup;
			children = (
				ED3EFA3C264BB0410041DFF1 /* MovieTVC.xib */,
				EDCB26BF26536B0B00BF41D6 /* SelectTheaterTVC.xib */,
				EDCB26C3265375D300BF41D6 /* TheaterCVC.xib */,
				EDCB26C726537C7100BF41D6 /* TheaterDetailCVC.xib */,
				EDCB26CD26538BA900BF41D6 /* DateTheaterTVC.xib */,
				EDCB26D12653938B00BF41D6 /* DateCVC.xib */,
			);
			path = Xibs;
			sourceTree = "<group>";
		};
		EDD21248264A6C3E0073CEDD /* Cells */ = {
			isa = PBXGroup;
			children = (
				ED3EFA3B264BB0410041DFF1 /* MovieTVC.swift */,
				EDCB26BE26536B0B00BF41D6 /* SelectTheaterTVC.swift */,
				EDCB26CC26538BA900BF41D6 /* DateTheaterTVC.swift */,
				EDCB26C2265375D300BF41D6 /* TheaterCVC.swift */,
				EDCB26C626537C7100BF41D6 /* TheaterDetailCVC.swift */,
				EDCB26D02653938B00BF41D6 /* DateCVC.swift */,
			);
			path = Cells;
			sourceTree = "<group>";
		};
		EDD21249264A6C4E0073CEDD /* Models */ = {
			isa = PBXGroup;
			children = (
				ED3EFA49264BBFF50041DFF1 /* ResponseModels */,
				ED3EFA48264BBFEF0041DFF1 /* RequestModels */,
			);
			path = Models;
			sourceTree = "<group>";
		};
		EDD2124A264A6C510073CEDD /* Services */ = {
			isa = PBXGroup;
			children = (
				ED3EFA42264BBBB40041DFF1 /* GeneralAPI.swift */,
				ED3EFA44264BBBF30041DFF1 /* NetworkLoggerPlugin.swift */,
				ED3EFA46264BBC420041DFF1 /* MovieServices.swift */,
			);
			path = Services;
			sourceTree = "<group>";
		};
/* End PBXGroup section */

/* Begin PBXNativeTarget section */
		EDD21228264A6BC70073CEDD /* CGV */ = {
			isa = PBXNativeTarget;
			buildConfigurationList = EDD2123D264A6BC80073CEDD /* Build configuration list for PBXNativeTarget "CGV" */;
			buildPhases = (
				350C508CE23156B1B7107DEA /* [CP] Check Pods Manifest.lock */,
				EDD21225264A6BC70073CEDD /* Sources */,
				EDD21226264A6BC70073CEDD /* Frameworks */,
				EDD21227264A6BC70073CEDD /* Resources */,
				90AA70B3AFD964A6A1C3B9C3 /* [CP] Embed Pods Frameworks */,
			);
			buildRules = (
			);
			dependencies = (
			);
			name = CGV;
			productName = CGV;
			productReference = EDD21229264A6BC70073CEDD /* CGV.app */;
			productType = "com.apple.product-type.application";
		};
/* End PBXNativeTarget section */

/* Begin PBXProject section */
		EDD21221264A6BC70073CEDD /* Project object */ = {
			isa = PBXProject;
			attributes = {
				LastSwiftUpdateCheck = 1250;
				LastUpgradeCheck = 1250;
				TargetAttributes = {
					EDD21228264A6BC70073CEDD = {
						CreatedOnToolsVersion = 12.5;
					};
				};
			};
			buildConfigurationList = EDD21224264A6BC70073CEDD /* Build configuration list for PBXProject "CGV" */;
			compatibilityVersion = "Xcode 9.3";
			developmentRegion = en;
			hasScannedForEncodings = 0;
			knownRegions = (
				en,
				Base,
			);
			mainGroup = EDD21220264A6BC70073CEDD;
			productRefGroup = EDD2122A264A6BC70073CEDD /* Products */;
			projectDirPath = "";
			projectRoot = "";
			targets = (
				EDD21228264A6BC70073CEDD /* CGV */,
			);
		};
/* End PBXProject section */

/* Begin PBXResourcesBuildPhase section */
		EDD21227264A6BC70073CEDD /* Resources */ = {
			isa = PBXResourcesBuildPhase;
			buildActionMask = 2147483647;
			files = (
				EDD2124C264A6D030073CEDD /* MovieChart.storyboard in Resources */,
				EDCB26CF26538BA900BF41D6 /* DateTheaterTVC.xib in Resources */,
				EDCB26C926537C7100BF41D6 /* TheaterDetailCVC.xib in Resources */,
				EDCB26C126536B0B00BF41D6 /* SelectTheaterTVC.xib in Resources */,
				EDCB26D32653938B00BF41D6 /* DateCVC.xib in Resources */,
				EDCB26C5265375D300BF41D6 /* TheaterCVC.xib in Resources */,
				EDD21239264A6BC80073CEDD /* LaunchScreen.storyboard in Resources */,
				EDD21236264A6BC80073CEDD /* Assets.xcassets in Resources */,
				ED3EFA3E264BB0410041DFF1 /* MovieTVC.xib in Resources */,
				EDD21251264A73230073CEDD /* Home.storyboard in Resources */,
			);
			runOnlyForDeploymentPostprocessing = 0;
		};
/* End PBXResourcesBuildPhase section */

/* Begin PBXShellScriptBuildPhase section */
		350C508CE23156B1B7107DEA /* [CP] Check Pods Manifest.lock */ = {
			isa = PBXShellScriptBuildPhase;
			buildActionMask = 2147483647;
			files = (
			);
			inputFileListPaths = (
			);
			inputPaths = (
				"${PODS_PODFILE_DIR_PATH}/Podfile.lock",
				"${PODS_ROOT}/Manifest.lock",
			);
			name = "[CP] Check Pods Manifest.lock";
			outputFileListPaths = (
			);
			outputPaths = (
				"$(DERIVED_FILE_DIR)/Pods-CGV-checkManifestLockResult.txt",
			);
			runOnlyForDeploymentPostprocessing = 0;
			shellPath = /bin/sh;
			shellScript = "diff \"${PODS_PODFILE_DIR_PATH}/Podfile.lock\" \"${PODS_ROOT}/Manifest.lock\" > /dev/null\nif [ $? != 0 ] ; then\n    # print error to STDERR\n    echo \"error: The sandbox is not in sync with the Podfile.lock. Run 'pod install' or update your CocoaPods installation.\" >&2\n    exit 1\nfi\n# This output is used by Xcode 'outputs' to avoid re-running this script phase.\necho \"SUCCESS\" > \"${SCRIPT_OUTPUT_FILE_0}\"\n";
			showEnvVarsInLog = 0;
		};
		90AA70B3AFD964A6A1C3B9C3 /* [CP] Embed Pods Frameworks */ = {
			isa = PBXShellScriptBuildPhase;
			buildActionMask = 2147483647;
			files = (
			);
			inputFileListPaths = (
				"${PODS_ROOT}/Target Support Files/Pods-CGV/Pods-CGV-frameworks-${CONFIGURATION}-input-files.xcfilelist",
			);
			name = "[CP] Embed Pods Frameworks";
			outputFileListPaths = (
				"${PODS_ROOT}/Target Support Files/Pods-CGV/Pods-CGV-frameworks-${CONFIGURATION}-output-files.xcfilelist",
			);
			runOnlyForDeploymentPostprocessing = 0;
			shellPath = /bin/sh;
			shellScript = "\"${PODS_ROOT}/Target Support Files/Pods-CGV/Pods-CGV-frameworks.sh\"\n";
			showEnvVarsInLog = 0;
		};
/* End PBXShellScriptBuildPhase section */

/* Begin PBXSourcesBuildPhase section */
		EDD21225264A6BC70073CEDD /* Sources */ = {
			isa = PBXSourcesBuildPhase;
			buildActionMask = 2147483647;
			files = (
				EDD2124E264A6D110073CEDD /* MovieChartVC.swift in Sources */,
				EDCB26C026536B0B00BF41D6 /* SelectTheaterTVC.swift in Sources */,
				EDC67EEE2656769E00580E15 /* LeftAlignedCollectionViewFlowLayout.swift in Sources */,
				EDCB26CB26538AB900BF41D6 /* UIView+SetViewShadow.swift in Sources */,
				ED3EFA41264BBB5C0041DFF1 /* Extension+Encodable.swift in Sources */,
				ED3EFA4B264BC01B0041DFF1 /* MovieRequest.swift in Sources */,
				EDCB26C4265375D300BF41D6 /* TheaterCVC.swift in Sources */,
				EDCB26D22653938B00BF41D6 /* DateCVC.swift in Sources */,
				ED3EFA47264BBC420041DFF1 /* MovieServices.swift in Sources */,
				ED3EFA38264B96E70041DFF1 /* UIViewController+ChangeButtonColor.swift in Sources */,
				EDCB26CE26538BA900BF41D6 /* DateTheaterTVC.swift in Sources */,
				ED3EFA43264BBBB40041DFF1 /* GeneralAPI.swift in Sources */,
				EDCB26C826537C7100BF41D6 /* TheaterDetailCVC.swift in Sources */,
				ED3EFA4D264BC1520041DFF1 /* MovieModel.swift in Sources */,
				EDC9C4042650FEF300249628 /* OverlayVC.swift in Sources */,
				EDCB26D52653D09300BF41D6 /* UIViewController+MakeAlert.swift in Sources */,
				EDCB26D82653D1D900BF41D6 /* showupAlertDeleagate.swift in Sources */,
				ED3EFA3D264BB0410041DFF1 /* MovieTVC.swift in Sources */,
				EDD21254264A733F0073CEDD /* HomeVC.swift in Sources */,
				ED3EFA3A264BA1C30041DFF1 /* UIButton+SetHeaderButton.swift in Sources */,
				ED3EFA45264BBBF30041DFF1 /* NetworkLoggerPlugin.swift in Sources */,
				EDD2122D264A6BC70073CEDD /* AppDelegate.swift in Sources */,
				EDD2122F264A6BC70073CEDD /* SceneDelegate.swift in Sources */,
			);
			runOnlyForDeploymentPostprocessing = 0;
		};
/* End PBXSourcesBuildPhase section */

/* Begin PBXVariantGroup section */
		EDD21237264A6BC80073CEDD /* LaunchScreen.storyboard */ = {
			isa = PBXVariantGroup;
			children = (
				EDD21238264A6BC80073CEDD /* Base */,
			);
			name = LaunchScreen.storyboard;
			sourceTree = "<group>";
		};
/* End PBXVariantGroup section */

/* Begin XCBuildConfiguration section */
		EDD2123B264A6BC80073CEDD /* Debug */ = {
			isa = XCBuildConfiguration;
			buildSettings = {
				ALWAYS_SEARCH_USER_PATHS = NO;
				CLANG_ANALYZER_NONNULL = YES;
				CLANG_ANALYZER_NUMBER_OBJECT_CONVERSION = YES_AGGRESSIVE;
				CLANG_CXX_LANGUAGE_STANDARD = "gnu++14";
				CLANG_CXX_LIBRARY = "libc++";
				CLANG_ENABLE_MODULES = YES;
				CLANG_ENABLE_OBJC_ARC = YES;
				CLANG_ENABLE_OBJC_WEAK = YES;
				CLANG_WARN_BLOCK_CAPTURE_AUTORELEASING = YES;
				CLANG_WARN_BOOL_CONVERSION = YES;
				CLANG_WARN_COMMA = YES;
				CLANG_WARN_CONSTANT_CONVERSION = YES;
				CLANG_WARN_DEPRECATED_OBJC_IMPLEMENTATIONS = YES;
				CLANG_WARN_DIRECT_OBJC_ISA_USAGE = YES_ERROR;
				CLANG_WARN_DOCUMENTATION_COMMENTS = YES;
				CLANG_WARN_EMPTY_BODY = YES;
				CLANG_WARN_ENUM_CONVERSION = YES;
				CLANG_WARN_INFINITE_RECURSION = YES;
				CLANG_WARN_INT_CONVERSION = YES;
				CLANG_WARN_NON_LITERAL_NULL_CONVERSION = YES;
				CLANG_WARN_OBJC_IMPLICIT_RETAIN_SELF = YES;
				CLANG_WARN_OBJC_LITERAL_CONVERSION = YES;
				CLANG_WARN_OBJC_ROOT_CLASS = YES_ERROR;
				CLANG_WARN_QUOTED_INCLUDE_IN_FRAMEWORK_HEADER = YES;
				CLANG_WARN_RANGE_LOOP_ANALYSIS = YES;
				CLANG_WARN_STRICT_PROTOTYPES = YES;
				CLANG_WARN_SUSPICIOUS_MOVE = YES;
				CLANG_WARN_UNGUARDED_AVAILABILITY = YES_AGGRESSIVE;
				CLANG_WARN_UNREACHABLE_CODE = YES;
				CLANG_WARN__DUPLICATE_METHOD_MATCH = YES;
				COPY_PHASE_STRIP = NO;
				DEBUG_INFORMATION_FORMAT = dwarf;
				ENABLE_STRICT_OBJC_MSGSEND = YES;
				ENABLE_TESTABILITY = YES;
				GCC_C_LANGUAGE_STANDARD = gnu11;
				GCC_DYNAMIC_NO_PIC = NO;
				GCC_NO_COMMON_BLOCKS = YES;
				GCC_OPTIMIZATION_LEVEL = 0;
				GCC_PREPROCESSOR_DEFINITIONS = (
					"DEBUG=1",
					"$(inherited)",
				);
				GCC_WARN_64_TO_32_BIT_CONVERSION = YES;
				GCC_WARN_ABOUT_RETURN_TYPE = YES_ERROR;
				GCC_WARN_UNDECLARED_SELECTOR = YES;
				GCC_WARN_UNINITIALIZED_AUTOS = YES_AGGRESSIVE;
				GCC_WARN_UNUSED_FUNCTION = YES;
				GCC_WARN_UNUSED_VARIABLE = YES;
				IPHONEOS_DEPLOYMENT_TARGET = 14.5;
				MTL_ENABLE_DEBUG_INFO = INCLUDE_SOURCE;
				MTL_FAST_MATH = YES;
				ONLY_ACTIVE_ARCH = YES;
				SDKROOT = iphoneos;
				SWIFT_ACTIVE_COMPILATION_CONDITIONS = DEBUG;
				SWIFT_OPTIMIZATION_LEVEL = "-Onone";
			};
			name = Debug;
		};
		EDD2123C264A6BC80073CEDD /* Release */ = {
			isa = XCBuildConfiguration;
			buildSettings = {
				ALWAYS_SEARCH_USER_PATHS = NO;
				CLANG_ANALYZER_NONNULL = YES;
				CLANG_ANALYZER_NUMBER_OBJECT_CONVERSION = YES_AGGRESSIVE;
				CLANG_CXX_LANGUAGE_STANDARD = "gnu++14";
				CLANG_CXX_LIBRARY = "libc++";
				CLANG_ENABLE_MODULES = YES;
				CLANG_ENABLE_OBJC_ARC = YES;
				CLANG_ENABLE_OBJC_WEAK = YES;
				CLANG_WARN_BLOCK_CAPTURE_AUTORELEASING = YES;
				CLANG_WARN_BOOL_CONVERSION = YES;
				CLANG_WARN_COMMA = YES;
				CLANG_WARN_CONSTANT_CONVERSION = YES;
				CLANG_WARN_DEPRECATED_OBJC_IMPLEMENTATIONS = YES;
				CLANG_WARN_DIRECT_OBJC_ISA_USAGE = YES_ERROR;
				CLANG_WARN_DOCUMENTATION_COMMENTS = YES;
				CLANG_WARN_EMPTY_BODY = YES;
				CLANG_WARN_ENUM_CONVERSION = YES;
				CLANG_WARN_INFINITE_RECURSION = YES;
				CLANG_WARN_INT_CONVERSION = YES;
				CLANG_WARN_NON_LITERAL_NULL_CONVERSION = YES;
				CLANG_WARN_OBJC_IMPLICIT_RETAIN_SELF = YES;
				CLANG_WARN_OBJC_LITERAL_CONVERSION = YES;
				CLANG_WARN_OBJC_ROOT_CLASS = YES_ERROR;
				CLANG_WARN_QUOTED_INCLUDE_IN_FRAMEWORK_HEADER = YES;
				CLANG_WARN_RANGE_LOOP_ANALYSIS = YES;
				CLANG_WARN_STRICT_PROTOTYPES = YES;
				CLANG_WARN_SUSPICIOUS_MOVE = YES;
				CLANG_WARN_UNGUARDED_AVAILABILITY = YES_AGGRESSIVE;
				CLANG_WARN_UNREACHABLE_CODE = YES;
				CLANG_WARN__DUPLICATE_METHOD_MATCH = YES;
				COPY_PHASE_STRIP = NO;
				DEBUG_INFORMATION_FORMAT = "dwarf-with-dsym";
				ENABLE_NS_ASSERTIONS = NO;
				ENABLE_STRICT_OBJC_MSGSEND = YES;
				GCC_C_LANGUAGE_STANDARD = gnu11;
				GCC_NO_COMMON_BLOCKS = YES;
				GCC_WARN_64_TO_32_BIT_CONVERSION = YES;
				GCC_WARN_ABOUT_RETURN_TYPE = YES_ERROR;
				GCC_WARN_UNDECLARED_SELECTOR = YES;
				GCC_WARN_UNINITIALIZED_AUTOS = YES_AGGRESSIVE;
				GCC_WARN_UNUSED_FUNCTION = YES;
				GCC_WARN_UNUSED_VARIABLE = YES;
				IPHONEOS_DEPLOYMENT_TARGET = 14.5;
				MTL_ENABLE_DEBUG_INFO = NO;
				MTL_FAST_MATH = YES;
				SDKROOT = iphoneos;
				SWIFT_COMPILATION_MODE = wholemodule;
				SWIFT_OPTIMIZATION_LEVEL = "-O";
				VALIDATE_PRODUCT = YES;
			};
			name = Release;
		};
		EDD2123E264A6BC80073CEDD /* Debug */ = {
			isa = XCBuildConfiguration;
			baseConfigurationReference = 47B9A1C4599F41E7C9B188F9 /* Pods-CGV.debug.xcconfig */;
			buildSettings = {
				ASSETCATALOG_COMPILER_APPICON_NAME = AppIcon;
				ASSETCATALOG_COMPILER_GLOBAL_ACCENT_COLOR_NAME = AccentColor;
				CODE_SIGN_STYLE = Automatic;
				INFOPLIST_FILE = CGV/Resource/Info.plist;
				LD_RUNPATH_SEARCH_PATHS = (
					"$(inherited)",
					"@executable_path/Frameworks",
				);
				PRODUCT_BUNDLE_IDENTIFIER = com.tiekle.CGV;
				PRODUCT_NAME = "$(TARGET_NAME)";
				SWIFT_VERSION = 5.0;
				TARGETED_DEVICE_FAMILY = "1,2";
			};
			name = Debug;
		};
		EDD2123F264A6BC80073CEDD /* Release */ = {
			isa = XCBuildConfiguration;
			baseConfigurationReference = 28EEA82D885E47BB6EC9C512 /* Pods-CGV.release.xcconfig */;
			buildSettings = {
				ASSETCATALOG_COMPILER_APPICON_NAME = AppIcon;
				ASSETCATALOG_COMPILER_GLOBAL_ACCENT_COLOR_NAME = AccentColor;
				CODE_SIGN_STYLE = Automatic;
				INFOPLIST_FILE = CGV/Resource/Info.plist;
				LD_RUNPATH_SEARCH_PATHS = (
					"$(inherited)",
					"@executable_path/Frameworks",
				);
				PRODUCT_BUNDLE_IDENTIFIER = com.tiekle.CGV;
				PRODUCT_NAME = "$(TARGET_NAME)";
				SWIFT_VERSION = 5.0;
				TARGETED_DEVICE_FAMILY = "1,2";
			};
			name = Release;
		};
/* End XCBuildConfiguration section */

/* Begin XCConfigurationList section */
		EDD21224264A6BC70073CEDD /* Build configuration list for PBXProject "CGV" */ = {
			isa = XCConfigurationList;
			buildConfigurations = (
				EDD2123B264A6BC80073CEDD /* Debug */,
				EDD2123C264A6BC80073CEDD /* Release */,
			);
			defaultConfigurationIsVisible = 0;
			defaultConfigurationName = Release;
		};
		EDD2123D264A6BC80073CEDD /* Build configuration list for PBXNativeTarget "CGV" */ = {
			isa = XCConfigurationList;
			buildConfigurations = (
				EDD2123E264A6BC80073CEDD /* Debug */,
				EDD2123F264A6BC80073CEDD /* Release */,
			);
			defaultConfigurationIsVisible = 0;
			defaultConfigurationName = Release;
		};
/* End XCConfigurationList section */
	};
	rootObject = EDD21221264A6BC70073CEDD /* Project object */;
}
