// !$*UTF8*$!
{
	archiveVersion = 1;
	classes = {
	};
	objectVersion = 50;
	objects = {

/* Begin PBXBuildFile section */
		ED9B7A4C2662A789008C40F1 /* AppDelegate.swift in Sources */ = {isa = PBXBuildFile; fileRef = ED9B7A4B2662A789008C40F1 /* AppDelegate.swift */; };
		ED9B7A4E2662A789008C40F1 /* SceneDelegate.swift in Sources */ = {isa = PBXBuildFile; fileRef = ED9B7A4D2662A789008C40F1 /* SceneDelegate.swift */; };
		ED9B7A552662A78A008C40F1 /* Assets.xcassets in Resources */ = {isa = PBXBuildFile; fileRef = ED9B7A542662A78A008C40F1 /* Assets.xcassets */; };
		ED9B7A582662A78A008C40F1 /* LaunchScreen.storyboard in Resources */ = {isa = PBXBuildFile; fileRef = ED9B7A562662A78A008C40F1 /* LaunchScreen.storyboard */; };
		EDCE0D202663A6B500A19B10 /* StoryPage.storyboard in Resources */ = {isa = PBXBuildFile; fileRef = EDCE0D1F2663A6B500A19B10 /* StoryPage.storyboard */; };
		EDCE0D222663A6D400A19B10 /* StoryPageVC.swift in Sources */ = {isa = PBXBuildFile; fileRef = EDCE0D212663A6D400A19B10 /* StoryPageVC.swift */; };
		EDCE0D262663B3CC00A19B10 /* MainStoryVC.swift in Sources */ = {isa = PBXBuildFile; fileRef = EDCE0D252663B3CC00A19B10 /* MainStoryVC.swift */; };
		EDCE0D282663B3F100A19B10 /* CreateStoryVC.swift in Sources */ = {isa = PBXBuildFile; fileRef = EDCE0D272663B3F100A19B10 /* CreateStoryVC.swift */; };
/* End PBXBuildFile section */

/* Begin PBXFileReference section */
		ED9B7A482662A789008C40F1 /* PenCake.app */ = {isa = PBXFileReference; explicitFileType = wrapper.application; includeInIndex = 0; path = PenCake.app; sourceTree = BUILT_PRODUCTS_DIR; };
		ED9B7A4B2662A789008C40F1 /* AppDelegate.swift */ = {isa = PBXFileReference; lastKnownFileType = sourcecode.swift; path = AppDelegate.swift; sourceTree = "<group>"; };
		ED9B7A4D2662A789008C40F1 /* SceneDelegate.swift */ = {isa = PBXFileReference; lastKnownFileType = sourcecode.swift; path = SceneDelegate.swift; sourceTree = "<group>"; };
		ED9B7A542662A78A008C40F1 /* Assets.xcassets */ = {isa = PBXFileReference; lastKnownFileType = folder.assetcatalog; path = Assets.xcassets; sourceTree = "<group>"; };
		ED9B7A572662A78A008C40F1 /* Base */ = {isa = PBXFileReference; lastKnownFileType = file.storyboard; name = Base; path = Base.lproj/LaunchScreen.storyboard; sourceTree = "<group>"; };
		ED9B7A592662A78A008C40F1 /* Info.plist */ = {isa = PBXFileReference; lastKnownFileType = text.plist.xml; path = Info.plist; sourceTree = "<group>"; };
		EDCE0D1F2663A6B500A19B10 /* StoryPage.storyboard */ = {isa = PBXFileReference; lastKnownFileType = file.storyboard; path = StoryPage.storyboard; sourceTree = "<group>"; };
		EDCE0D212663A6D400A19B10 /* StoryPageVC.swift */ = {isa = PBXFileReference; lastKnownFileType = sourcecode.swift; path = StoryPageVC.swift; sourceTree = "<group>"; };
		EDCE0D252663B3CC00A19B10 /* MainStoryVC.swift */ = {isa = PBXFileReference; lastKnownFileType = sourcecode.swift; path = MainStoryVC.swift; sourceTree = "<group>"; };
		EDCE0D272663B3F100A19B10 /* CreateStoryVC.swift */ = {isa = PBXFileReference; lastKnownFileType = sourcecode.swift; path = CreateStoryVC.swift; sourceTree = "<group>"; };
/* End PBXFileReference section */

/* Begin PBXFrameworksBuildPhase section */
		ED9B7A452662A789008C40F1 /* Frameworks */ = {
			isa = PBXFrameworksBuildPhase;
			buildActionMask = 2147483647;
			files = (
			);
			runOnlyForDeploymentPostprocessing = 0;
		};
/* End PBXFrameworksBuildPhase section */

/* Begin PBXGroup section */
		ED9B7A3F2662A789008C40F1 = {
			isa = PBXGroup;
			children = (
				ED9B7A4A2662A789008C40F1 /* PenCake */,
				ED9B7A492662A789008C40F1 /* Products */,
			);
			sourceTree = "<group>";
		};
		ED9B7A492662A789008C40F1 /* Products */ = {
			isa = PBXGroup;
			children = (
				ED9B7A482662A789008C40F1 /* PenCake.app */,
			);
			name = Products;
			sourceTree = "<group>";
		};
		ED9B7A4A2662A789008C40F1 /* PenCake */ = {
			isa = PBXGroup;
			children = (
				EDCE0D172663A58E00A19B10 /* Sources */,
				EDCE0D162663A56700A19B10 /* Resources */,
				ED9B7A592662A78A008C40F1 /* Info.plist */,
			);
			path = PenCake;
			sourceTree = "<group>";
		};
		EDCE0D162663A56700A19B10 /* Resources */ = {
			isa = PBXGroup;
			children = (
				ED9B7A542662A78A008C40F1 /* Assets.xcassets */,
				EDCE0D1D2663A5D400A19B10 /* Views */,
			);
			path = Resources;
			sourceTree = "<group>";
		};
		EDCE0D172663A58E00A19B10 /* Sources */ = {
			isa = PBXGroup;
			children = (
				EDCE0D1C2663A5B900A19B10 /* Models */,
				EDCE0D1B2663A5B200A19B10 /* ViewModels */,
				EDCE0D1A2663A5A200A19B10 /* Components */,
				EDCE0D192663A59700A19B10 /* Controllers */,
				EDCE0D182663A59300A19B10 /* Supports */,
			);
			path = Sources;
			sourceTree = "<group>";
		};
		EDCE0D182663A59300A19B10 /* Supports */ = {
			isa = PBXGroup;
			children = (
				ED9B7A4B2662A789008C40F1 /* AppDelegate.swift */,
				ED9B7A4D2662A789008C40F1 /* SceneDelegate.swift */,
			);
			path = Supports;
			sourceTree = "<group>";
		};
		EDCE0D192663A59700A19B10 /* Controllers */ = {
			isa = PBXGroup;
			children = (
				EDCE0D212663A6D400A19B10 /* StoryPageVC.swift */,
				EDCE0D252663B3CC00A19B10 /* MainStoryVC.swift */,
				EDCE0D272663B3F100A19B10 /* CreateStoryVC.swift */,
			);
			path = Controllers;
			sourceTree = "<group>";
		};
		EDCE0D1A2663A5A200A19B10 /* Components */ = {
			isa = PBXGroup;
			children = (
			);
			path = Components;
			sourceTree = "<group>";
		};
		EDCE0D1B2663A5B200A19B10 /* ViewModels */ = {
			isa = PBXGroup;
			children = (
			);
			path = ViewModels;
			sourceTree = "<group>";
		};
		EDCE0D1C2663A5B900A19B10 /* Models */ = {
			isa = PBXGroup;
			children = (
			);
			path = Models;
			sourceTree = "<group>";
		};
		EDCE0D1D2663A5D400A19B10 /* Views */ = {
			isa = PBXGroup;
			children = (
				EDCE0D1E2663A5DA00A19B10 /* Cells */,
				EDCE0D1F2663A6B500A19B10 /* StoryPage.storyboard */,
				ED9B7A562662A78A008C40F1 /* LaunchScreen.storyboard */,
			);
			path = Views;
			sourceTree = "<group>";
		};
		EDCE0D1E2663A5DA00A19B10 /* Cells */ = {
			isa = PBXGroup;
			children = (
			);
			path = Cells;
			sourceTree = "<group>";
		};
/* End PBXGroup section */

/* Begin PBXNativeTarget section */
		ED9B7A472662A789008C40F1 /* PenCake */ = {
			isa = PBXNativeTarget;
			buildConfigurationList = ED9B7A5C2662A78A008C40F1 /* Build configuration list for PBXNativeTarget "PenCake" */;
			buildPhases = (
				ED9B7A442662A789008C40F1 /* Sources */,
				ED9B7A452662A789008C40F1 /* Frameworks */,
				ED9B7A462662A789008C40F1 /* Resources */,
			);
			buildRules = (
			);
			dependencies = (
			);
			name = PenCake;
			productName = PenCake;
			productReference = ED9B7A482662A789008C40F1 /* PenCake.app */;
			productType = "com.apple.product-type.application";
		};
/* End PBXNativeTarget section */

/* Begin PBXProject section */
		ED9B7A402662A789008C40F1 /* Project object */ = {
			isa = PBXProject;
			attributes = {
				LastSwiftUpdateCheck = 1250;
				LastUpgradeCheck = 1250;
				TargetAttributes = {
					ED9B7A472662A789008C40F1 = {
						CreatedOnToolsVersion = 12.5;
					};
				};
			};
			buildConfigurationList = ED9B7A432662A789008C40F1 /* Build configuration list for PBXProject "PenCake" */;
			compatibilityVersion = "Xcode 9.3";
			developmentRegion = en;
			hasScannedForEncodings = 0;
			knownRegions = (
				en,
				Base,
			);
			mainGroup = ED9B7A3F2662A789008C40F1;
			productRefGroup = ED9B7A492662A789008C40F1 /* Products */;
			projectDirPath = "";
			projectRoot = "";
			targets = (
				ED9B7A472662A789008C40F1 /* PenCake */,
			);
		};
/* End PBXProject section */

/* Begin PBXResourcesBuildPhase section */
		ED9B7A462662A789008C40F1 /* Resources */ = {
			isa = PBXResourcesBuildPhase;
			buildActionMask = 2147483647;
			files = (
				EDCE0D202663A6B500A19B10 /* StoryPage.storyboard in Resources */,
				ED9B7A582662A78A008C40F1 /* LaunchScreen.storyboard in Resources */,
				ED9B7A552662A78A008C40F1 /* Assets.xcassets in Resources */,
			);
			runOnlyForDeploymentPostprocessing = 0;
		};
/* End PBXResourcesBuildPhase section */

/* Begin PBXSourcesBuildPhase section */
		ED9B7A442662A789008C40F1 /* Sources */ = {
			isa = PBXSourcesBuildPhase;
			buildActionMask = 2147483647;
			files = (
				EDCE0D282663B3F100A19B10 /* CreateStoryVC.swift in Sources */,
				ED9B7A4C2662A789008C40F1 /* AppDelegate.swift in Sources */,
				ED9B7A4E2662A789008C40F1 /* SceneDelegate.swift in Sources */,
				EDCE0D222663A6D400A19B10 /* StoryPageVC.swift in Sources */,
				EDCE0D262663B3CC00A19B10 /* MainStoryVC.swift in Sources */,
			);
			runOnlyForDeploymentPostprocessing = 0;
		};
/* End PBXSourcesBuildPhase section */

/* Begin PBXVariantGroup section */
		ED9B7A562662A78A008C40F1 /* LaunchScreen.storyboard */ = {
			isa = PBXVariantGroup;
			children = (
				ED9B7A572662A78A008C40F1 /* Base */,
			);
			name = LaunchScreen.storyboard;
			sourceTree = "<group>";
		};
/* End PBXVariantGroup section */

/* Begin XCBuildConfiguration section */
		ED9B7A5A2662A78A008C40F1 /* Debug */ = {
			isa = XCBuildConfiguration;
			buildSettings = {
				ALWAYS_SEARCH_USER_PATHS = NO;
				CLANG_ANALYZER_NONNULL = YES;
				CLANG_ANALYZER_NUMBER_OBJECT_CONVERSION = YES_AGGRESSIVE;
				CLANG_CXX_LANGUAGE_STANDARD = "gnu++14";
				CLANG_CXX_LIBRARY = "libc++";
				CLANG_ENABLE_MODULES = YES;
				CLANG_ENABLE_OBJC_ARC = YES;
				CLANG_ENABLE_OBJC_WEAK = YES;
				CLANG_WARN_BLOCK_CAPTURE_AUTORELEASING = YES;
				CLANG_WARN_BOOL_CONVERSION = YES;
				CLANG_WARN_COMMA = YES;
				CLANG_WARN_CONSTANT_CONVERSION = YES;
				CLANG_WARN_DEPRECATED_OBJC_IMPLEMENTATIONS = YES;
				CLANG_WARN_DIRECT_OBJC_ISA_USAGE = YES_ERROR;
				CLANG_WARN_DOCUMENTATION_COMMENTS = YES;
				CLANG_WARN_EMPTY_BODY = YES;
				CLANG_WARN_ENUM_CONVERSION = YES;
				CLANG_WARN_INFINITE_RECURSION = YES;
				CLANG_WARN_INT_CONVERSION = YES;
				CLANG_WARN_NON_LITERAL_NULL_CONVERSION = YES;
				CLANG_WARN_OBJC_IMPLICIT_RETAIN_SELF = YES;
				CLANG_WARN_OBJC_LITERAL_CONVERSION = YES;
				CLANG_WARN_OBJC_ROOT_CLASS = YES_ERROR;
				CLANG_WARN_QUOTED_INCLUDE_IN_FRAMEWORK_HEADER = YES;
				CLANG_WARN_RANGE_LOOP_ANALYSIS = YES;
				CLANG_WARN_STRICT_PROTOTYPES = YES;
				CLANG_WARN_SUSPICIOUS_MOVE = YES;
				CLANG_WARN_UNGUARDED_AVAILABILITY = YES_AGGRESSIVE;
				CLANG_WARN_UNREACHABLE_CODE = YES;
				CLANG_WARN__DUPLICATE_METHOD_MATCH = YES;
				COPY_PHASE_STRIP = NO;
				DEBUG_INFORMATION_FORMAT = dwarf;
				ENABLE_STRICT_OBJC_MSGSEND = YES;
				ENABLE_TESTABILITY = YES;
				GCC_C_LANGUAGE_STANDARD = gnu11;
				GCC_DYNAMIC_NO_PIC = NO;
				GCC_NO_COMMON_BLOCKS = YES;
				GCC_OPTIMIZATION_LEVEL = 0;
				GCC_PREPROCESSOR_DEFINITIONS = (
					"DEBUG=1",
					"$(inherited)",
				);
				GCC_WARN_64_TO_32_BIT_CONVERSION = YES;
				GCC_WARN_ABOUT_RETURN_TYPE = YES_ERROR;
				GCC_WARN_UNDECLARED_SELECTOR = YES;
				GCC_WARN_UNINITIALIZED_AUTOS = YES_AGGRESSIVE;
				GCC_WARN_UNUSED_FUNCTION = YES;
				GCC_WARN_UNUSED_VARIABLE = YES;
				IPHONEOS_DEPLOYMENT_TARGET = 14.5;
				MTL_ENABLE_DEBUG_INFO = INCLUDE_SOURCE;
				MTL_FAST_MATH = YES;
				ONLY_ACTIVE_ARCH = YES;
				SDKROOT = iphoneos;
				SWIFT_ACTIVE_COMPILATION_CONDITIONS = DEBUG;
				SWIFT_OPTIMIZATION_LEVEL = "-Onone";
			};
			name = Debug;
		};
		ED9B7A5B2662A78A008C40F1 /* Release */ = {
			isa = XCBuildConfiguration;
			buildSettings = {
				ALWAYS_SEARCH_USER_PATHS = NO;
				CLANG_ANALYZER_NONNULL = YES;
				CLANG_ANALYZER_NUMBER_OBJECT_CONVERSION = YES_AGGRESSIVE;
				CLANG_CXX_LANGUAGE_STANDARD = "gnu++14";
				CLANG_CXX_LIBRARY = "libc++";
				CLANG_ENABLE_MODULES = YES;
				CLANG_ENABLE_OBJC_ARC = YES;
				CLANG_ENABLE_OBJC_WEAK = YES;
				CLANG_WARN_BLOCK_CAPTURE_AUTORELEASING = YES;
				CLANG_WARN_BOOL_CONVERSION = YES;
				CLANG_WARN_COMMA = YES;
				CLANG_WARN_CONSTANT_CONVERSION = YES;
				CLANG_WARN_DEPRECATED_OBJC_IMPLEMENTATIONS = YES;
				CLANG_WARN_DIRECT_OBJC_ISA_USAGE = YES_ERROR;
				CLANG_WARN_DOCUMENTATION_COMMENTS = YES;
				CLANG_WARN_EMPTY_BODY = YES;
				CLANG_WARN_ENUM_CONVERSION = YES;
				CLANG_WARN_INFINITE_RECURSION = YES;
				CLANG_WARN_INT_CONVERSION = YES;
				CLANG_WARN_NON_LITERAL_NULL_CONVERSION = YES;
				CLANG_WARN_OBJC_IMPLICIT_RETAIN_SELF = YES;
				CLANG_WARN_OBJC_LITERAL_CONVERSION = YES;
				CLANG_WARN_OBJC_ROOT_CLASS = YES_ERROR;
				CLANG_WARN_QUOTED_INCLUDE_IN_FRAMEWORK_HEADER = YES;
				CLANG_WARN_RANGE_LOOP_ANALYSIS = YES;
				CLANG_WARN_STRICT_PROTOTYPES = YES;
				CLANG_WARN_SUSPICIOUS_MOVE = YES;
				CLANG_WARN_UNGUARDED_AVAILABILITY = YES_AGGRESSIVE;
				CLANG_WARN_UNREACHABLE_CODE = YES;
				CLANG_WARN__DUPLICATE_METHOD_MATCH = YES;
				COPY_PHASE_STRIP = NO;
				DEBUG_INFORMATION_FORMAT = "dwarf-with-dsym";
				ENABLE_NS_ASSERTIONS = NO;
				ENABLE_STRICT_OBJC_MSGSEND = YES;
				GCC_C_LANGUAGE_STANDARD = gnu11;
				GCC_NO_COMMON_BLOCKS = YES;
				GCC_WARN_64_TO_32_BIT_CONVERSION = YES;
				GCC_WARN_ABOUT_RETURN_TYPE = YES_ERROR;
				GCC_WARN_UNDECLARED_SELECTOR = YES;
				GCC_WARN_UNINITIALIZED_AUTOS = YES_AGGRESSIVE;
				GCC_WARN_UNUSED_FUNCTION = YES;
				GCC_WARN_UNUSED_VARIABLE = YES;
				IPHONEOS_DEPLOYMENT_TARGET = 14.5;
				MTL_ENABLE_DEBUG_INFO = NO;
				MTL_FAST_MATH = YES;
				SDKROOT = iphoneos;
				SWIFT_COMPILATION_MODE = wholemodule;
				SWIFT_OPTIMIZATION_LEVEL = "-O";
				VALIDATE_PRODUCT = YES;
			};
			name = Release;
		};
		ED9B7A5D2662A78A008C40F1 /* Debug */ = {
			isa = XCBuildConfiguration;
			buildSettings = {
				ASSETCATALOG_COMPILER_APPICON_NAME = AppIcon;
				ASSETCATALOG_COMPILER_GLOBAL_ACCENT_COLOR_NAME = AccentColor;
				CODE_SIGN_STYLE = Automatic;
				INFOPLIST_FILE = PenCake/Info.plist;
				LD_RUNPATH_SEARCH_PATHS = (
					"$(inherited)",
					"@executable_path/Frameworks",
				);
				PRODUCT_BUNDLE_IDENTIFIER = com.tiekle.PenCake;
				PRODUCT_NAME = "$(TARGET_NAME)";
				SWIFT_VERSION = 5.0;
				TARGETED_DEVICE_FAMILY = "1,2";
			};
			name = Debug;
		};
		ED9B7A5E2662A78A008C40F1 /* Release */ = {
			isa = XCBuildConfiguration;
			buildSettings = {
				ASSETCATALOG_COMPILER_APPICON_NAME = AppIcon;
				ASSETCATALOG_COMPILER_GLOBAL_ACCENT_COLOR_NAME = AccentColor;
				CODE_SIGN_STYLE = Automatic;
				INFOPLIST_FILE = PenCake/Info.plist;
				LD_RUNPATH_SEARCH_PATHS = (
					"$(inherited)",
					"@executable_path/Frameworks",
				);
				PRODUCT_BUNDLE_IDENTIFIER = com.tiekle.PenCake;
				PRODUCT_NAME = "$(TARGET_NAME)";
				SWIFT_VERSION = 5.0;
				TARGETED_DEVICE_FAMILY = "1,2";
			};
			name = Release;
		};
/* End XCBuildConfiguration section */

/* Begin XCConfigurationList section */
		ED9B7A432662A789008C40F1 /* Build configuration list for PBXProject "PenCake" */ = {
			isa = XCConfigurationList;
			buildConfigurations = (
				ED9B7A5A2662A78A008C40F1 /* Debug */,
				ED9B7A5B2662A78A008C40F1 /* Release */,
			);
			defaultConfigurationIsVisible = 0;
			defaultConfigurationName = Release;
		};
		ED9B7A5C2662A78A008C40F1 /* Build configuration list for PBXNativeTarget "PenCake" */ = {
			isa = XCConfigurationList;
			buildConfigurations = (
				ED9B7A5D2662A78A008C40F1 /* Debug */,
				ED9B7A5E2662A78A008C40F1 /* Release */,
			);
			defaultConfigurationIsVisible = 0;
			defaultConfigurationName = Release;
		};
/* End XCConfigurationList section */
	};
	rootObject = ED9B7A402662A789008C40F1 /* Project object */;
}
