// !$*UTF8*$!
{
	archiveVersion = 1;
	classes = {
	};
	objectVersion = 50;
	objects = {

/* Begin PBXBuildFile section */
		ED29CBF72622D54E00337960 /* AppDelegate.swift in Sources */ = {isa = PBXBuildFile; fileRef = ED29CBF62622D54E00337960 /* AppDelegate.swift */; };
		ED29CBF92622D54E00337960 /* SceneDelegate.swift in Sources */ = {isa = PBXBuildFile; fileRef = ED29CBF82622D54E00337960 /* SceneDelegate.swift */; };
		ED29CBFB2622D54E00337960 /* ViewController.swift in Sources */ = {isa = PBXBuildFile; fileRef = ED29CBFA2622D54E00337960 /* ViewController.swift */; };
		ED29CBFE2622D54E00337960 /* Main.storyboard in Resources */ = {isa = PBXBuildFile; fileRef = ED29CBFC2622D54E00337960 /* Main.storyboard */; };
		ED29CC002622D54F00337960 /* Assets.xcassets in Resources */ = {isa = PBXBuildFile; fileRef = ED29CBFF2622D54F00337960 /* Assets.xcassets */; };
		ED29CC032622D54F00337960 /* LaunchScreen.storyboard in Resources */ = {isa = PBXBuildFile; fileRef = ED29CC012622D54F00337960 /* LaunchScreen.storyboard */; };
		ED6A8A8926444A7C006DDD6D /* ExpectedListVC.swift in Sources */ = {isa = PBXBuildFile; fileRef = ED6A8A8826444A7C006DDD6D /* ExpectedListVC.swift */; };
		ED6A8A8B2644DD26006DDD6D /* InfomationVC.swift in Sources */ = {isa = PBXBuildFile; fileRef = ED6A8A8A2644DD26006DDD6D /* InfomationVC.swift */; };
		ED6A8A8E2644DE33006DDD6D /* PresentInfoViewDelegate.swift in Sources */ = {isa = PBXBuildFile; fileRef = ED6A8A8D2644DE33006DDD6D /* PresentInfoViewDelegate.swift */; };
		ED81D860263A445C00487450 /* Extension+UIButton.swift in Sources */ = {isa = PBXBuildFile; fileRef = ED81D85F263A445C00487450 /* Extension+UIButton.swift */; };
		ED81D863263A883500487450 /* TotalListTVC.swift in Sources */ = {isa = PBXBuildFile; fileRef = ED81D861263A883500487450 /* TotalListTVC.swift */; };
		ED81D864263A883500487450 /* TotalListTVC.xib in Resources */ = {isa = PBXBuildFile; fileRef = ED81D862263A883500487450 /* TotalListTVC.xib */; };
		EDB9908A2642F98000669148 /* TodayListVC.swift in Sources */ = {isa = PBXBuildFile; fileRef = EDB990892642F98000669148 /* TodayListVC.swift */; };
		EDB9908E2643013300669148 /* Extension+UITableView.swift in Sources */ = {isa = PBXBuildFile; fileRef = EDB9908D2643013300669148 /* Extension+UITableView.swift */; };
		EDC3B61F26292D31003CA6C0 /* NewAlertTVC.swift in Sources */ = {isa = PBXBuildFile; fileRef = EDC3B61D26292D31003CA6C0 /* NewAlertTVC.swift */; };
		EDC3B62026292D31003CA6C0 /* NewAlertTVC.xib in Resources */ = {isa = PBXBuildFile; fileRef = EDC3B61E26292D31003CA6C0 /* NewAlertTVC.xib */; };
		EDC3B62426293A89003CA6C0 /* DetailTVC.swift in Sources */ = {isa = PBXBuildFile; fileRef = EDC3B62226293A89003CA6C0 /* DetailTVC.swift */; };
		EDC3B62526293A89003CA6C0 /* DetailTVC.xib in Resources */ = {isa = PBXBuildFile; fileRef = EDC3B62326293A89003CA6C0 /* DetailTVC.xib */; };
		EDC99726262858AF00993467 /* Extension+UIColor.swift in Sources */ = {isa = PBXBuildFile; fileRef = EDC99725262858AF00993467 /* Extension+UIColor.swift */; };
		EDC9972F2628770F00993467 /* ReminderMainTopTVC.swift in Sources */ = {isa = PBXBuildFile; fileRef = EDC9972D2628770F00993467 /* ReminderMainTopTVC.swift */; };
		EDC997302628770F00993467 /* ReminderMainTopTVC.xib in Resources */ = {isa = PBXBuildFile; fileRef = EDC9972E2628770F00993467 /* ReminderMainTopTVC.xib */; };
		EDC997342628871100993467 /* ReminderMainBottomTVC.swift in Sources */ = {isa = PBXBuildFile; fileRef = EDC997322628871100993467 /* ReminderMainBottomTVC.swift */; };
		EDC997352628871100993467 /* ReminderMainBottomTVC.xib in Resources */ = {isa = PBXBuildFile; fileRef = EDC997332628871100993467 /* ReminderMainBottomTVC.xib */; };
		EDC99739262892A300993467 /* ListTVC.swift in Sources */ = {isa = PBXBuildFile; fileRef = EDC99737262892A300993467 /* ListTVC.swift */; };
		EDC9973A262892A300993467 /* ListTVC.xib in Resources */ = {isa = PBXBuildFile; fileRef = EDC99738262892A300993467 /* ListTVC.xib */; };
		EDC9973D2628B05800993467 /* NewAlertVC.swift in Sources */ = {isa = PBXBuildFile; fileRef = EDC9973C2628B05800993467 /* NewAlertVC.swift */; };
		EDC997402628B0E400993467 /* NewListVC.swift in Sources */ = {isa = PBXBuildFile; fileRef = EDC9973F2628B0E400993467 /* NewListVC.swift */; };
		EDC997432628B1CF00993467 /* EditVC.swift in Sources */ = {isa = PBXBuildFile; fileRef = EDC997422628B1CF00993467 /* EditVC.swift */; };
		EDD155B4263272E4009A0D52 /* EditTopTVC.swift in Sources */ = {isa = PBXBuildFile; fileRef = EDD155B2263272E4009A0D52 /* EditTopTVC.swift */; };
		EDD155B5263272E4009A0D52 /* EditTopTVC.xib in Resources */ = {isa = PBXBuildFile; fileRef = EDD155B3263272E4009A0D52 /* EditTopTVC.xib */; };
		EDD155BA2632819A009A0D52 /* EditBottomTVC.swift in Sources */ = {isa = PBXBuildFile; fileRef = EDD155B82632819A009A0D52 /* EditBottomTVC.swift */; };
		EDD155BB2632819A009A0D52 /* EditBottomTVC.xib in Resources */ = {isa = PBXBuildFile; fileRef = EDD155B92632819A009A0D52 /* EditBottomTVC.xib */; };
		EDD155C026328C45009A0D52 /* List.storyboard in Resources */ = {isa = PBXBuildFile; fileRef = EDD155BF26328C45009A0D52 /* List.storyboard */; };
		EDD155C526328C78009A0D52 /* TotalListVC.swift in Sources */ = {isa = PBXBuildFile; fileRef = EDD155C426328C78009A0D52 /* TotalListVC.swift */; };
		EDD155C926328F44009A0D52 /* PresentViewDelegate.swift in Sources */ = {isa = PBXBuildFile; fileRef = EDD155C826328F44009A0D52 /* PresentViewDelegate.swift */; };
/* End PBXBuildFile section */

/* Begin PBXFileReference section */
		ED29CBF32622D54E00337960 /* Reminders.app */ = {isa = PBXFileReference; explicitFileType = wrapper.application; includeInIndex = 0; path = Reminders.app; sourceTree = BUILT_PRODUCTS_DIR; };
		ED29CBF62622D54E00337960 /* AppDelegate.swift */ = {isa = PBXFileReference; lastKnownFileType = sourcecode.swift; path = AppDelegate.swift; sourceTree = "<group>"; };
		ED29CBF82622D54E00337960 /* SceneDelegate.swift */ = {isa = PBXFileReference; lastKnownFileType = sourcecode.swift; path = SceneDelegate.swift; sourceTree = "<group>"; };
		ED29CBFA2622D54E00337960 /* ViewController.swift */ = {isa = PBXFileReference; lastKnownFileType = sourcecode.swift; path = ViewController.swift; sourceTree = "<group>"; };
		ED29CBFD2622D54E00337960 /* Base */ = {isa = PBXFileReference; lastKnownFileType = file.storyboard; name = Base; path = Base.lproj/Main.storyboard; sourceTree = "<group>"; };
		ED29CBFF2622D54F00337960 /* Assets.xcassets */ = {isa = PBXFileReference; lastKnownFileType = folder.assetcatalog; path = Assets.xcassets; sourceTree = "<group>"; };
		ED29CC022622D54F00337960 /* Base */ = {isa = PBXFileReference; lastKnownFileType = file.storyboard; name = Base; path = Base.lproj/LaunchScreen.storyboard; sourceTree = "<group>"; };
		ED29CC042622D54F00337960 /* Info.plist */ = {isa = PBXFileReference; lastKnownFileType = text.plist.xml; path = Info.plist; sourceTree = "<group>"; };
		ED6A8A8826444A7C006DDD6D /* ExpectedListVC.swift */ = {isa = PBXFileReference; lastKnownFileType = sourcecode.swift; path = ExpectedListVC.swift; sourceTree = "<group>"; };
		ED6A8A8A2644DD26006DDD6D /* InfomationVC.swift */ = {isa = PBXFileReference; lastKnownFileType = sourcecode.swift; path = InfomationVC.swift; sourceTree = "<group>"; };
		ED6A8A8D2644DE33006DDD6D /* PresentInfoViewDelegate.swift */ = {isa = PBXFileReference; lastKnownFileType = sourcecode.swift; path = PresentInfoViewDelegate.swift; sourceTree = "<group>"; };
		ED81D85F263A445C00487450 /* Extension+UIButton.swift */ = {isa = PBXFileReference; lastKnownFileType = sourcecode.swift; path = "Extension+UIButton.swift"; sourceTree = "<group>"; };
		ED81D861263A883500487450 /* TotalListTVC.swift */ = {isa = PBXFileReference; lastKnownFileType = sourcecode.swift; path = TotalListTVC.swift; sourceTree = "<group>"; };
		ED81D862263A883500487450 /* TotalListTVC.xib */ = {isa = PBXFileReference; lastKnownFileType = file.xib; path = TotalListTVC.xib; sourceTree = "<group>"; };
		EDB990892642F98000669148 /* TodayListVC.swift */ = {isa = PBXFileReference; lastKnownFileType = sourcecode.swift; path = TodayListVC.swift; sourceTree = "<group>"; };
		EDB9908D2643013300669148 /* Extension+UITableView.swift */ = {isa = PBXFileReference; lastKnownFileType = sourcecode.swift; path = "Extension+UITableView.swift"; sourceTree = "<group>"; };
		EDC3B61D26292D31003CA6C0 /* NewAlertTVC.swift */ = {isa = PBXFileReference; lastKnownFileType = sourcecode.swift; path = NewAlertTVC.swift; sourceTree = "<group>"; };
		EDC3B61E26292D31003CA6C0 /* NewAlertTVC.xib */ = {isa = PBXFileReference; lastKnownFileType = file.xib; path = NewAlertTVC.xib; sourceTree = "<group>"; };
		EDC3B62226293A89003CA6C0 /* DetailTVC.swift */ = {isa = PBXFileReference; lastKnownFileType = sourcecode.swift; path = DetailTVC.swift; sourceTree = "<group>"; };
		EDC3B62326293A89003CA6C0 /* DetailTVC.xib */ = {isa = PBXFileReference; lastKnownFileType = file.xib; path = DetailTVC.xib; sourceTree = "<group>"; };
		EDC99725262858AF00993467 /* Extension+UIColor.swift */ = {isa = PBXFileReference; lastKnownFileType = sourcecode.swift; path = "Extension+UIColor.swift"; sourceTree = "<group>"; };
		EDC9972D2628770F00993467 /* ReminderMainTopTVC.swift */ = {isa = PBXFileReference; lastKnownFileType = sourcecode.swift; path = ReminderMainTopTVC.swift; sourceTree = "<group>"; };
		EDC9972E2628770F00993467 /* ReminderMainTopTVC.xib */ = {isa = PBXFileReference; lastKnownFileType = file.xib; path = ReminderMainTopTVC.xib; sourceTree = "<group>"; };
		EDC997322628871100993467 /* ReminderMainBottomTVC.swift */ = {isa = PBXFileReference; lastKnownFileType = sourcecode.swift; path = ReminderMainBottomTVC.swift; sourceTree = "<group>"; };
		EDC997332628871100993467 /* ReminderMainBottomTVC.xib */ = {isa = PBXFileReference; lastKnownFileType = file.xib; path = ReminderMainBottomTVC.xib; sourceTree = "<group>"; };
		EDC99737262892A300993467 /* ListTVC.swift */ = {isa = PBXFileReference; lastKnownFileType = sourcecode.swift; path = ListTVC.swift; sourceTree = "<group>"; };
		EDC99738262892A300993467 /* ListTVC.xib */ = {isa = PBXFileReference; lastKnownFileType = file.xib; path = ListTVC.xib; sourceTree = "<group>"; };
		EDC9973C2628B05800993467 /* NewAlertVC.swift */ = {isa = PBXFileReference; lastKnownFileType = sourcecode.swift; path = NewAlertVC.swift; sourceTree = "<group>"; };
		EDC9973F2628B0E400993467 /* NewListVC.swift */ = {isa = PBXFileReference; lastKnownFileType = sourcecode.swift; path = NewListVC.swift; sourceTree = "<group>"; };
		EDC997422628B1CF00993467 /* EditVC.swift */ = {isa = PBXFileReference; lastKnownFileType = sourcecode.swift; path = EditVC.swift; sourceTree = "<group>"; };
		EDD155B2263272E4009A0D52 /* EditTopTVC.swift */ = {isa = PBXFileReference; lastKnownFileType = sourcecode.swift; path = EditTopTVC.swift; sourceTree = "<group>"; };
		EDD155B3263272E4009A0D52 /* EditTopTVC.xib */ = {isa = PBXFileReference; lastKnownFileType = file.xib; path = EditTopTVC.xib; sourceTree = "<group>"; };
		EDD155B82632819A009A0D52 /* EditBottomTVC.swift */ = {isa = PBXFileReference; lastKnownFileType = sourcecode.swift; path = EditBottomTVC.swift; sourceTree = "<group>"; };
		EDD155B92632819A009A0D52 /* EditBottomTVC.xib */ = {isa = PBXFileReference; lastKnownFileType = file.xib; path = EditBottomTVC.xib; sourceTree = "<group>"; };
		EDD155BF26328C45009A0D52 /* List.storyboard */ = {isa = PBXFileReference; lastKnownFileType = file.storyboard; path = List.storyboard; sourceTree = "<group>"; };
		EDD155C426328C78009A0D52 /* TotalListVC.swift */ = {isa = PBXFileReference; lastKnownFileType = sourcecode.swift; path = TotalListVC.swift; sourceTree = "<group>"; };
		EDD155C826328F44009A0D52 /* PresentViewDelegate.swift */ = {isa = PBXFileReference; lastKnownFileType = sourcecode.swift; path = PresentViewDelegate.swift; sourceTree = "<group>"; };
/* End PBXFileReference section */

/* Begin PBXFrameworksBuildPhase section */
		ED29CBF02622D54E00337960 /* Frameworks */ = {
			isa = PBXFrameworksBuildPhase;
			buildActionMask = 2147483647;
			files = (
			);
			runOnlyForDeploymentPostprocessing = 0;
		};
/* End PBXFrameworksBuildPhase section */

/* Begin PBXGroup section */
		ED29CBEA2622D54E00337960 = {
			isa = PBXGroup;
			children = (
				ED29CBF52622D54E00337960 /* Reminders */,
				ED29CBF42622D54E00337960 /* Products */,
			);
			sourceTree = "<group>";
		};
		ED29CBF42622D54E00337960 /* Products */ = {
			isa = PBXGroup;
			children = (
				ED29CBF32622D54E00337960 /* Reminders.app */,
			);
			name = Products;
			sourceTree = "<group>";
		};
		ED29CBF52622D54E00337960 /* Reminders */ = {
			isa = PBXGroup;
			children = (
				ED29CC0B2622D55A00337960 /* Source */,
				ED29CC0C2622D56000337960 /* Resource */,
			);
			path = Reminders;
			sourceTree = "<group>";
		};
		ED29CC0B2622D55A00337960 /* Source */ = {
			isa = PBXGroup;
			children = (
				EDC997242628589C00993467 /* Extensions */,
				EDD155BD26328C1A009A0D52 /* ListScene */,
				ED29CC0E2622D58D00337960 /* MainScene */,
				ED29CC0D2622D57C00337960 /* Support */,
			);
			path = Source;
			sourceTree = "<group>";
		};
		ED29CC0C2622D56000337960 /* Resource */ = {
			isa = PBXGroup;
			children = (
				ED29CC012622D54F00337960 /* LaunchScreen.storyboard */,
				ED29CBFF2622D54F00337960 /* Assets.xcassets */,
				ED29CC042622D54F00337960 /* Info.plist */,
			);
			path = Resource;
			sourceTree = "<group>";
		};
		ED29CC0D2622D57C00337960 /* Support */ = {
			isa = PBXGroup;
			children = (
				ED29CBF62622D54E00337960 /* AppDelegate.swift */,
				ED29CBF82622D54E00337960 /* SceneDelegate.swift */,
			);
			path = Support;
			sourceTree = "<group>";
		};
		ED29CC0E2622D58D00337960 /* MainScene */ = {
			isa = PBXGroup;
			children = (
				ED29CBFC2622D54E00337960 /* Main.storyboard */,
				EDD155C726328E48009A0D52 /* Protocol */,
				ED29CC0F2622D59C00337960 /* View */,
			);
			path = MainScene;
			sourceTree = "<group>";
		};
		ED29CC0F2622D59C00337960 /* View */ = {
			isa = PBXGroup;
			children = (
				ED29CC112622D5A500337960 /* Cell */,
				ED29CC102622D5A100337960 /* VC */,
			);
			path = View;
			sourceTree = "<group>";
		};
		ED29CC102622D5A100337960 /* VC */ = {
			isa = PBXGroup;
			children = (
				ED29CBFA2622D54E00337960 /* ViewController.swift */,
				EDC9973C2628B05800993467 /* NewAlertVC.swift */,
				EDC9973F2628B0E400993467 /* NewListVC.swift */,
				EDC997422628B1CF00993467 /* EditVC.swift */,
			);
			path = VC;
			sourceTree = "<group>";
		};
		ED29CC112622D5A500337960 /* Cell */ = {
			isa = PBXGroup;
			children = (
				EDC997282628766D00993467 /* TVC */,
			);
			path = Cell;
			sourceTree = "<group>";
		};
		ED6A8A8C2644DDF2006DDD6D /* Protocol */ = {
			isa = PBXGroup;
			children = (
				ED6A8A8D2644DE33006DDD6D /* PresentInfoViewDelegate.swift */,
			);
			path = Protocol;
			sourceTree = "<group>";
		};
		EDC3B61726292CF7003CA6C0 /* Main */ = {
			isa = PBXGroup;
			children = (
				EDC9972D2628770F00993467 /* ReminderMainTopTVC.swift */,
				EDC9972E2628770F00993467 /* ReminderMainTopTVC.xib */,
				EDC997322628871100993467 /* ReminderMainBottomTVC.swift */,
				EDC997332628871100993467 /* ReminderMainBottomTVC.xib */,
				EDC99737262892A300993467 /* ListTVC.swift */,
				EDC99738262892A300993467 /* ListTVC.xib */,
			);
			path = Main;
			sourceTree = "<group>";
		};
		EDC3B61826292D05003CA6C0 /* NewAlert */ = {
			isa = PBXGroup;
			children = (
				EDC3B61D26292D31003CA6C0 /* NewAlertTVC.swift */,
				EDC3B61E26292D31003CA6C0 /* NewAlertTVC.xib */,
				EDC3B62226293A89003CA6C0 /* DetailTVC.swift */,
				EDC3B62326293A89003CA6C0 /* DetailTVC.xib */,
			);
			path = NewAlert;
			sourceTree = "<group>";
		};
		EDC997242628589C00993467 /* Extensions */ = {
			isa = PBXGroup;
			children = (
				EDC99725262858AF00993467 /* Extension+UIColor.swift */,
				ED81D85F263A445C00487450 /* Extension+UIButton.swift */,
				EDB9908D2643013300669148 /* Extension+UITableView.swift */,
			);
			path = Extensions;
			sourceTree = "<group>";
		};
		EDC997282628766D00993467 /* TVC */ = {
			isa = PBXGroup;
			children = (
				EDD155B1263272CB009A0D52 /* Edit */,
				EDC3B61826292D05003CA6C0 /* NewAlert */,
				EDC3B61726292CF7003CA6C0 /* Main */,
			);
			path = TVC;
			sourceTree = "<group>";
		};
		EDD155B1263272CB009A0D52 /* Edit */ = {
			isa = PBXGroup;
			children = (
				EDD155B2263272E4009A0D52 /* EditTopTVC.swift */,
				EDD155B3263272E4009A0D52 /* EditTopTVC.xib */,
				EDD155B82632819A009A0D52 /* EditBottomTVC.swift */,
				EDD155B92632819A009A0D52 /* EditBottomTVC.xib */,
			);
			path = Edit;
			sourceTree = "<group>";
		};
		EDD155BD26328C1A009A0D52 /* ListScene */ = {
			isa = PBXGroup;
			children = (
				EDD155BF26328C45009A0D52 /* List.storyboard */,
				ED6A8A8C2644DDF2006DDD6D /* Protocol */,
				EDD155BE26328C34009A0D52 /* View */,
			);
			path = ListScene;
			sourceTree = "<group>";
		};
		EDD155BE26328C34009A0D52 /* View */ = {
			isa = PBXGroup;
			children = (
				EDD155C226328C4C009A0D52 /* TVC */,
				EDD155C326328C51009A0D52 /* VC */,
			);
			path = View;
			sourceTree = "<group>";
		};
		EDD155C226328C4C009A0D52 /* TVC */ = {
			isa = PBXGroup;
			children = (
				ED81D861263A883500487450 /* TotalListTVC.swift */,
				ED81D862263A883500487450 /* TotalListTVC.xib */,
			);
			path = TVC;
			sourceTree = "<group>";
		};
		EDD155C326328C51009A0D52 /* VC */ = {
			isa = PBXGroup;
			children = (
				EDD155C426328C78009A0D52 /* TotalListVC.swift */,
				EDB990892642F98000669148 /* TodayListVC.swift */,
				ED6A8A8826444A7C006DDD6D /* ExpectedListVC.swift */,
				ED6A8A8A2644DD26006DDD6D /* InfomationVC.swift */,
			);
			path = VC;
			sourceTree = "<group>";
		};
		EDD155C726328E48009A0D52 /* Protocol */ = {
			isa = PBXGroup;
			children = (
				EDD155C826328F44009A0D52 /* PresentViewDelegate.swift */,
			);
			path = Protocol;
			sourceTree = "<group>";
		};
/* End PBXGroup section */

/* Begin PBXNativeTarget section */
		ED29CBF22622D54E00337960 /* Reminders */ = {
			isa = PBXNativeTarget;
			buildConfigurationList = ED29CC072622D54F00337960 /* Build configuration list for PBXNativeTarget "Reminders" */;
			buildPhases = (
				ED29CBEF2622D54E00337960 /* Sources */,
				ED29CBF02622D54E00337960 /* Frameworks */,
				ED29CBF12622D54E00337960 /* Resources */,
			);
			buildRules = (
			);
			dependencies = (
			);
			name = Reminders;
			productName = Reminders;
			productReference = ED29CBF32622D54E00337960 /* Reminders.app */;
			productType = "com.apple.product-type.application";
		};
/* End PBXNativeTarget section */

/* Begin PBXProject section */
		ED29CBEB2622D54E00337960 /* Project object */ = {
			isa = PBXProject;
			attributes = {
				LastSwiftUpdateCheck = 1240;
				LastUpgradeCheck = 1240;
				TargetAttributes = {
					ED29CBF22622D54E00337960 = {
						CreatedOnToolsVersion = 12.4;
					};
				};
			};
			buildConfigurationList = ED29CBEE2622D54E00337960 /* Build configuration list for PBXProject "Reminders" */;
			compatibilityVersion = "Xcode 9.3";
			developmentRegion = en;
			hasScannedForEncodings = 0;
			knownRegions = (
				en,
				Base,
			);
			mainGroup = ED29CBEA2622D54E00337960;
			productRefGroup = ED29CBF42622D54E00337960 /* Products */;
			projectDirPath = "";
			projectRoot = "";
			targets = (
				ED29CBF22622D54E00337960 /* Reminders */,
			);
		};
/* End PBXProject section */

/* Begin PBXResourcesBuildPhase section */
		ED29CBF12622D54E00337960 /* Resources */ = {
			isa = PBXResourcesBuildPhase;
			buildActionMask = 2147483647;
			files = (
				EDD155BB2632819A009A0D52 /* EditBottomTVC.xib in Resources */,
				EDD155B5263272E4009A0D52 /* EditTopTVC.xib in Resources */,
				ED29CC032622D54F00337960 /* LaunchScreen.storyboard in Resources */,
				ED29CC002622D54F00337960 /* Assets.xcassets in Resources */,
				EDC3B62026292D31003CA6C0 /* NewAlertTVC.xib in Resources */,
				EDC997302628770F00993467 /* ReminderMainTopTVC.xib in Resources */,
				ED81D864263A883500487450 /* TotalListTVC.xib in Resources */,
				EDC9973A262892A300993467 /* ListTVC.xib in Resources */,
				EDC997352628871100993467 /* ReminderMainBottomTVC.xib in Resources */,
				EDD155C026328C45009A0D52 /* List.storyboard in Resources */,
				EDC3B62526293A89003CA6C0 /* DetailTVC.xib in Resources */,
				ED29CBFE2622D54E00337960 /* Main.storyboard in Resources */,
			);
			runOnlyForDeploymentPostprocessing = 0;
		};
/* End PBXResourcesBuildPhase section */

/* Begin PBXSourcesBuildPhase section */
		ED29CBEF2622D54E00337960 /* Sources */ = {
			isa = PBXSourcesBuildPhase;
			buildActionMask = 2147483647;
			files = (
				ED6A8A8B2644DD26006DDD6D /* InfomationVC.swift in Sources */,
				ED81D863263A883500487450 /* TotalListTVC.swift in Sources */,
				EDC997432628B1CF00993467 /* EditVC.swift in Sources */,
				ED29CBFB2622D54E00337960 /* ViewController.swift in Sources */,
				EDD155BA2632819A009A0D52 /* EditBottomTVC.swift in Sources */,
				EDC9972F2628770F00993467 /* ReminderMainTopTVC.swift in Sources */,
				EDB9908A2642F98000669148 /* TodayListVC.swift in Sources */,
				EDC99739262892A300993467 /* ListTVC.swift in Sources */,
				ED29CBF72622D54E00337960 /* AppDelegate.swift in Sources */,
				EDC997342628871100993467 /* ReminderMainBottomTVC.swift in Sources */,
				ED6A8A8926444A7C006DDD6D /* ExpectedListVC.swift in Sources */,
				EDC3B62426293A89003CA6C0 /* DetailTVC.swift in Sources */,
				ED29CBF92622D54E00337960 /* SceneDelegate.swift in Sources */,
				EDB9908E2643013300669148 /* Extension+UITableView.swift in Sources */,
				ED6A8A8E2644DE33006DDD6D /* PresentInfoViewDelegate.swift in Sources */,
				EDC997402628B0E400993467 /* NewListVC.swift in Sources */,
				EDC9973D2628B05800993467 /* NewAlertVC.swift in Sources */,
				EDD155C926328F44009A0D52 /* PresentViewDelegate.swift in Sources */,
				EDC3B61F26292D31003CA6C0 /* NewAlertTVC.swift in Sources */,
				EDC99726262858AF00993467 /* Extension+UIColor.swift in Sources */,
				EDD155C526328C78009A0D52 /* TotalListVC.swift in Sources */,
				ED81D860263A445C00487450 /* Extension+UIButton.swift in Sources */,
				EDD155B4263272E4009A0D52 /* EditTopTVC.swift in Sources */,
			);
			runOnlyForDeploymentPostprocessing = 0;
		};
/* End PBXSourcesBuildPhase section */

/* Begin PBXVariantGroup section */
		ED29CBFC2622D54E00337960 /* Main.storyboard */ = {
			isa = PBXVariantGroup;
			children = (
				ED29CBFD2622D54E00337960 /* Base */,
			);
			name = Main.storyboard;
			sourceTree = "<group>";
		};
		ED29CC012622D54F00337960 /* LaunchScreen.storyboard */ = {
			isa = PBXVariantGroup;
			children = (
				ED29CC022622D54F00337960 /* Base */,
			);
			name = LaunchScreen.storyboard;
			sourceTree = "<group>";
		};
/* End PBXVariantGroup section */

/* Begin XCBuildConfiguration section */
		ED29CC052622D54F00337960 /* Debug */ = {
			isa = XCBuildConfiguration;
			buildSettings = {
				ALWAYS_SEARCH_USER_PATHS = NO;
				CLANG_ANALYZER_NONNULL = YES;
				CLANG_ANALYZER_NUMBER_OBJECT_CONVERSION = YES_AGGRESSIVE;
				CLANG_CXX_LANGUAGE_STANDARD = "gnu++14";
				CLANG_CXX_LIBRARY = "libc++";
				CLANG_ENABLE_MODULES = YES;
				CLANG_ENABLE_OBJC_ARC = YES;
				CLANG_ENABLE_OBJC_WEAK = YES;
				CLANG_WARN_BLOCK_CAPTURE_AUTORELEASING = YES;
				CLANG_WARN_BOOL_CONVERSION = YES;
				CLANG_WARN_COMMA = YES;
				CLANG_WARN_CONSTANT_CONVERSION = YES;
				CLANG_WARN_DEPRECATED_OBJC_IMPLEMENTATIONS = YES;
				CLANG_WARN_DIRECT_OBJC_ISA_USAGE = YES_ERROR;
				CLANG_WARN_DOCUMENTATION_COMMENTS = YES;
				CLANG_WARN_EMPTY_BODY = YES;
				CLANG_WARN_ENUM_CONVERSION = YES;
				CLANG_WARN_INFINITE_RECURSION = YES;
				CLANG_WARN_INT_CONVERSION = YES;
				CLANG_WARN_NON_LITERAL_NULL_CONVERSION = YES;
				CLANG_WARN_OBJC_IMPLICIT_RETAIN_SELF = YES;
				CLANG_WARN_OBJC_LITERAL_CONVERSION = YES;
				CLANG_WARN_OBJC_ROOT_CLASS = YES_ERROR;
				CLANG_WARN_QUOTED_INCLUDE_IN_FRAMEWORK_HEADER = YES;
				CLANG_WARN_RANGE_LOOP_ANALYSIS = YES;
				CLANG_WARN_STRICT_PROTOTYPES = YES;
				CLANG_WARN_SUSPICIOUS_MOVE = YES;
				CLANG_WARN_UNGUARDED_AVAILABILITY = YES_AGGRESSIVE;
				CLANG_WARN_UNREACHABLE_CODE = YES;
				CLANG_WARN__DUPLICATE_METHOD_MATCH = YES;
				COPY_PHASE_STRIP = NO;
				DEBUG_INFORMATION_FORMAT = dwarf;
				ENABLE_STRICT_OBJC_MSGSEND = YES;
				ENABLE_TESTABILITY = YES;
				GCC_C_LANGUAGE_STANDARD = gnu11;
				GCC_DYNAMIC_NO_PIC = NO;
				GCC_NO_COMMON_BLOCKS = YES;
				GCC_OPTIMIZATION_LEVEL = 0;
				GCC_PREPROCESSOR_DEFINITIONS = (
					"DEBUG=1",
					"$(inherited)",
				);
				GCC_WARN_64_TO_32_BIT_CONVERSION = YES;
				GCC_WARN_ABOUT_RETURN_TYPE = YES_ERROR;
				GCC_WARN_UNDECLARED_SELECTOR = YES;
				GCC_WARN_UNINITIALIZED_AUTOS = YES_AGGRESSIVE;
				GCC_WARN_UNUSED_FUNCTION = YES;
				GCC_WARN_UNUSED_VARIABLE = YES;
				IPHONEOS_DEPLOYMENT_TARGET = 14.4;
				MTL_ENABLE_DEBUG_INFO = INCLUDE_SOURCE;
				MTL_FAST_MATH = YES;
				ONLY_ACTIVE_ARCH = YES;
				SDKROOT = iphoneos;
				SWIFT_ACTIVE_COMPILATION_CONDITIONS = DEBUG;
				SWIFT_OPTIMIZATION_LEVEL = "-Onone";
			};
			name = Debug;
		};
		ED29CC062622D54F00337960 /* Release */ = {
			isa = XCBuildConfiguration;
			buildSettings = {
				ALWAYS_SEARCH_USER_PATHS = NO;
				CLANG_ANALYZER_NONNULL = YES;
				CLANG_ANALYZER_NUMBER_OBJECT_CONVERSION = YES_AGGRESSIVE;
				CLANG_CXX_LANGUAGE_STANDARD = "gnu++14";
				CLANG_CXX_LIBRARY = "libc++";
				CLANG_ENABLE_MODULES = YES;
				CLANG_ENABLE_OBJC_ARC = YES;
				CLANG_ENABLE_OBJC_WEAK = YES;
				CLANG_WARN_BLOCK_CAPTURE_AUTORELEASING = YES;
				CLANG_WARN_BOOL_CONVERSION = YES;
				CLANG_WARN_COMMA = YES;
				CLANG_WARN_CONSTANT_CONVERSION = YES;
				CLANG_WARN_DEPRECATED_OBJC_IMPLEMENTATIONS = YES;
				CLANG_WARN_DIRECT_OBJC_ISA_USAGE = YES_ERROR;
				CLANG_WARN_DOCUMENTATION_COMMENTS = YES;
				CLANG_WARN_EMPTY_BODY = YES;
				CLANG_WARN_ENUM_CONVERSION = YES;
				CLANG_WARN_INFINITE_RECURSION = YES;
				CLANG_WARN_INT_CONVERSION = YES;
				CLANG_WARN_NON_LITERAL_NULL_CONVERSION = YES;
				CLANG_WARN_OBJC_IMPLICIT_RETAIN_SELF = YES;
				CLANG_WARN_OBJC_LITERAL_CONVERSION = YES;
				CLANG_WARN_OBJC_ROOT_CLASS = YES_ERROR;
				CLANG_WARN_QUOTED_INCLUDE_IN_FRAMEWORK_HEADER = YES;
				CLANG_WARN_RANGE_LOOP_ANALYSIS = YES;
				CLANG_WARN_STRICT_PROTOTYPES = YES;
				CLANG_WARN_SUSPICIOUS_MOVE = YES;
				CLANG_WARN_UNGUARDED_AVAILABILITY = YES_AGGRESSIVE;
				CLANG_WARN_UNREACHABLE_CODE = YES;
				CLANG_WARN__DUPLICATE_METHOD_MATCH = YES;
				COPY_PHASE_STRIP = NO;
				DEBUG_INFORMATION_FORMAT = "dwarf-with-dsym";
				ENABLE_NS_ASSERTIONS = NO;
				ENABLE_STRICT_OBJC_MSGSEND = YES;
				GCC_C_LANGUAGE_STANDARD = gnu11;
				GCC_NO_COMMON_BLOCKS = YES;
				GCC_WARN_64_TO_32_BIT_CONVERSION = YES;
				GCC_WARN_ABOUT_RETURN_TYPE = YES_ERROR;
				GCC_WARN_UNDECLARED_SELECTOR = YES;
				GCC_WARN_UNINITIALIZED_AUTOS = YES_AGGRESSIVE;
				GCC_WARN_UNUSED_FUNCTION = YES;
				GCC_WARN_UNUSED_VARIABLE = YES;
				IPHONEOS_DEPLOYMENT_TARGET = 14.4;
				MTL_ENABLE_DEBUG_INFO = NO;
				MTL_FAST_MATH = YES;
				SDKROOT = iphoneos;
				SWIFT_COMPILATION_MODE = wholemodule;
				SWIFT_OPTIMIZATION_LEVEL = "-O";
				VALIDATE_PRODUCT = YES;
			};
			name = Release;
		};
		ED29CC082622D54F00337960 /* Debug */ = {
			isa = XCBuildConfiguration;
			buildSettings = {
				ASSETCATALOG_COMPILER_APPICON_NAME = AppIcon;
				ASSETCATALOG_COMPILER_GLOBAL_ACCENT_COLOR_NAME = AccentColor;
				CODE_SIGN_STYLE = Automatic;
				INFOPLIST_FILE = Reminders/Resource/Info.plist;
				LD_RUNPATH_SEARCH_PATHS = (
					"$(inherited)",
					"@executable_path/Frameworks",
				);
				PRODUCT_BUNDLE_IDENTIFIER = com.tiekle.Reminders;
				PRODUCT_NAME = "$(TARGET_NAME)";
				SWIFT_VERSION = 5.0;
				TARGETED_DEVICE_FAMILY = "1,2";
			};
			name = Debug;
		};
		ED29CC092622D54F00337960 /* Release */ = {
			isa = XCBuildConfiguration;
			buildSettings = {
				ASSETCATALOG_COMPILER_APPICON_NAME = AppIcon;
				ASSETCATALOG_COMPILER_GLOBAL_ACCENT_COLOR_NAME = AccentColor;
				CODE_SIGN_STYLE = Automatic;
				INFOPLIST_FILE = Reminders/Resource/Info.plist;
				LD_RUNPATH_SEARCH_PATHS = (
					"$(inherited)",
					"@executable_path/Frameworks",
				);
				PRODUCT_BUNDLE_IDENTIFIER = com.tiekle.Reminders;
				PRODUCT_NAME = "$(TARGET_NAME)";
				SWIFT_VERSION = 5.0;
				TARGETED_DEVICE_FAMILY = "1,2";
			};
			name = Release;
		};
/* End XCBuildConfiguration section */

/* Begin XCConfigurationList section */
		ED29CBEE2622D54E00337960 /* Build configuration list for PBXProject "Reminders" */ = {
			isa = XCConfigurationList;
			buildConfigurations = (
				ED29CC052622D54F00337960 /* Debug */,
				ED29CC062622D54F00337960 /* Release */,
			);
			defaultConfigurationIsVisible = 0;
			defaultConfigurationName = Release;
		};
		ED29CC072622D54F00337960 /* Build configuration list for PBXNativeTarget "Reminders" */ = {
			isa = XCConfigurationList;
			buildConfigurations = (
				ED29CC082622D54F00337960 /* Debug */,
				ED29CC092622D54F00337960 /* Release */,
			);
			defaultConfigurationIsVisible = 0;
			defaultConfigurationName = Release;
		};
/* End XCConfigurationList section */
	};
	rootObject = ED29CBEB2622D54E00337960 /* Project object */;
}
